// !$*UTF8*$!
{
	archiveVersion = 1;
	classes = {
	};
	objectVersion = 46;
	objects = {

/* Begin PBXBuildFile section */
		E23E526F1C08377800CE78D0 /* AddFactory.m in Sources */ = {isa = PBXBuildFile; fileRef = E23E52661C08377800CE78D0 /* AddFactory.m */; };
		E23E52701C08377800CE78D0 /* DivFactory.m in Sources */ = {isa = PBXBuildFile; fileRef = E23E52681C08377800CE78D0 /* DivFactory.m */; };
		E23E52711C08377800CE78D0 /* IFactory.m in Sources */ = {isa = PBXBuildFile; fileRef = E23E526A1C08377800CE78D0 /* IFactory.m */; };
		E23E52721C08377800CE78D0 /* MulFactory.m in Sources */ = {isa = PBXBuildFile; fileRef = E23E526C1C08377800CE78D0 /* MulFactory.m */; };
		E23E52731C08377800CE78D0 /* SubFactory.m in Sources */ = {isa = PBXBuildFile; fileRef = E23E526E1C08377800CE78D0 /* SubFactory.m */; };
		E23E527A1C08444600CE78D0 /* Resume.m in Sources */ = {isa = PBXBuildFile; fileRef = E23E52791C08444600CE78D0 /* Resume.m */; };
		E23E528C1C084E4500CE78D0 /* AbstractClass.m in Sources */ = {isa = PBXBuildFile; fileRef = E23E52871C084E4500CE78D0 /* AbstractClass.m */; };
		E23E528D1C084E4500CE78D0 /* ConcreteClassA.m in Sources */ = {isa = PBXBuildFile; fileRef = E23E52891C084E4500CE78D0 /* ConcreteClassA.m */; };
		E23E528E1C084E4500CE78D0 /* ConcreteClassB.m in Sources */ = {isa = PBXBuildFile; fileRef = E23E528B1C084E4500CE78D0 /* ConcreteClassB.m */; };
		E23E529E1C08550D00CE78D0 /* Facade.m in Sources */ = {isa = PBXBuildFile; fileRef = E23E52991C08550D00CE78D0 /* Facade.m */; };
		E23E529F1C08550D00CE78D0 /* SystemOne.m in Sources */ = {isa = PBXBuildFile; fileRef = E23E529B1C08550D00CE78D0 /* SystemOne.m */; };
		E23E52A01C08550D00CE78D0 /* SystemTwo.m in Sources */ = {isa = PBXBuildFile; fileRef = E23E529D1C08550D00CE78D0 /* SystemTwo.m */; };
		E23E52B61C085D2600CE78D0 /* PersonBuilder.m in Sources */ = {isa = PBXBuildFile; fileRef = E23E52AF1C085D2600CE78D0 /* PersonBuilder.m */; };
		E23E52B71C085D2600CE78D0 /* PersonDirector.m in Sources */ = {isa = PBXBuildFile; fileRef = E23E52B11C085D2600CE78D0 /* PersonDirector.m */; };
		E23E52B81C085D2600CE78D0 /* PersonFatBuilder.m in Sources */ = {isa = PBXBuildFile; fileRef = E23E52B31C085D2600CE78D0 /* PersonFatBuilder.m */; };
		E23E52B91C085D2600CE78D0 /* PersonThinBuilder.m in Sources */ = {isa = PBXBuildFile; fileRef = E23E52B51C085D2600CE78D0 /* PersonThinBuilder.m */; };
		E279F4371C0589F5004A20AD /* Operation.m in Sources */ = {isa = PBXBuildFile; fileRef = E279F42A1C0589F5004A20AD /* Operation.m */; };
		E279F4381C0589F5004A20AD /* OperationAdd.m in Sources */ = {isa = PBXBuildFile; fileRef = E279F42C1C0589F5004A20AD /* OperationAdd.m */; };
		E279F4391C0589F5004A20AD /* OperationDiv.m in Sources */ = {isa = PBXBuildFile; fileRef = E279F42E1C0589F5004A20AD /* OperationDiv.m */; };
		E279F43A1C0589F5004A20AD /* OperationFactory.m in Sources */ = {isa = PBXBuildFile; fileRef = E279F4301C0589F5004A20AD /* OperationFactory.m */; };
		E279F43B1C0589F5004A20AD /* OperationMul.m in Sources */ = {isa = PBXBuildFile; fileRef = E279F4321C0589F5004A20AD /* OperationMul.m */; };
		E279F43C1C0589F5004A20AD /* OperationSub.m in Sources */ = {isa = PBXBuildFile; fileRef = E279F4341C0589F5004A20AD /* OperationSub.m */; };
		E279F43D1C0589F5004A20AD /* PPOperation.m in Sources */ = {isa = PBXBuildFile; fileRef = E279F4361C0589F5004A20AD /* PPOperation.m */; };
		E279F44A1C058A2A004A20AD /* CashContext.m in Sources */ = {isa = PBXBuildFile; fileRef = E279F43F1C058A2A004A20AD /* CashContext.m */; };
		E279F44B1C058A2A004A20AD /* CashFactory.m in Sources */ = {isa = PBXBuildFile; fileRef = E279F4411C058A2A004A20AD /* CashFactory.m */; };
		E279F44C1C058A2A004A20AD /* CashNormal.m in Sources */ = {isa = PBXBuildFile; fileRef = E279F4431C058A2A004A20AD /* CashNormal.m */; };
		E279F44D1C058A2A004A20AD /* CashRebate.m in Sources */ = {isa = PBXBuildFile; fileRef = E279F4451C058A2A004A20AD /* CashRebate.m */; };
		E279F44E1C058A2A004A20AD /* CashReturn.m in Sources */ = {isa = PBXBuildFile; fileRef = E279F4471C058A2A004A20AD /* CashReturn.m */; };
		E279F44F1C058A2A004A20AD /* CashSuper.m in Sources */ = {isa = PBXBuildFile; fileRef = E279F4491C058A2A004A20AD /* CashSuper.m */; };
		E2AAB9E21C1C1F8300B82F5E /* PPStateObject.m in Sources */ = {isa = PBXBuildFile; fileRef = E2AAB9E11C1C1F8300B82F5E /* PPStateObject.m */; };
		E2AABA0C1C1EC25C00B82F5E /* PPAfterNoonState.m in Sources */ = {isa = PBXBuildFile; fileRef = E2AAB9FD1C1EC25C00B82F5E /* PPAfterNoonState.m */; };
		E2AABA0D1C1EC25C00B82F5E /* PPEveningState.m in Sources */ = {isa = PBXBuildFile; fileRef = E2AAB9FF1C1EC25C00B82F5E /* PPEveningState.m */; };
		E2AABA0E1C1EC25C00B82F5E /* PPForenoonState.m in Sources */ = {isa = PBXBuildFile; fileRef = E2AABA011C1EC25C00B82F5E /* PPForenoonState.m */; };
		E2AABA0F1C1EC25C00B82F5E /* PPNoonState.m in Sources */ = {isa = PBXBuildFile; fileRef = E2AABA031C1EC25C00B82F5E /* PPNoonState.m */; };
		E2AABA101C1EC25C00B82F5E /* PPRestState.m in Sources */ = {isa = PBXBuildFile; fileRef = E2AABA051C1EC25C00B82F5E /* PPRestState.m */; };
		E2AABA111C1EC25C00B82F5E /* PPSleepingState.m in Sources */ = {isa = PBXBuildFile; fileRef = E2AABA071C1EC25C00B82F5E /* PPSleepingState.m */; };
		E2AABA121C1EC25C00B82F5E /* PPState.m in Sources */ = {isa = PBXBuildFile; fileRef = E2AABA091C1EC25C00B82F5E /* PPState.m */; };
		E2AABA131C1EC25C00B82F5E /* PPWork.m in Sources */ = {isa = PBXBuildFile; fileRef = E2AABA0B1C1EC25C00B82F5E /* PPWork.m */; };
		E2AABA291C1ECA6700B82F5E /* PPCenterPlayer.m in Sources */ = {isa = PBXBuildFile; fileRef = E2AABA221C1ECA6700B82F5E /* PPCenterPlayer.m */; };
		E2AABA2B1C1ECA6700B82F5E /* PPGuardsPlayer.m in Sources */ = {isa = PBXBuildFile; fileRef = E2AABA261C1ECA6700B82F5E /* PPGuardsPlayer.m */; };
		E2AABA2C1C1ECA6700B82F5E /* PPPlayer.m in Sources */ = {isa = PBXBuildFile; fileRef = E2AABA281C1ECA6700B82F5E /* PPPlayer.m */; };
		E2AABA371C1EE1E100B82F5E /* PPForeignCenterPlayer.m in Sources */ = {isa = PBXBuildFile; fileRef = E2AABA341C1EE1E100B82F5E /* PPForeignCenterPlayer.m */; };
		E2AABA381C1EE1E100B82F5E /* PPTranslator.m in Sources */ = {isa = PBXBuildFile; fileRef = E2AABA361C1EE1E100B82F5E /* PPTranslator.m */; };
		E2AABA491C1EF0E500B82F5E /* PPCaretaker.m in Sources */ = {isa = PBXBuildFile; fileRef = E2AABA441C1EF0E500B82F5E /* PPCaretaker.m */; };
		E2AABA4A1C1EF0E500B82F5E /* PPMemento.m in Sources */ = {isa = PBXBuildFile; fileRef = E2AABA461C1EF0E500B82F5E /* PPMemento.m */; };
		E2AABA4B1C1EF0E500B82F5E /* PPOriginator.m in Sources */ = {isa = PBXBuildFile; fileRef = E2AABA481C1EF0E500B82F5E /* PPOriginator.m */; };
		E2AABA5C1C1FEAF700B82F5E /* PPGameRole.m in Sources */ = {isa = PBXBuildFile; fileRef = E2AABA571C1FEAF700B82F5E /* PPGameRole.m */; };
		E2AABA5D1C1FEAF700B82F5E /* PPRoleStateManager.m in Sources */ = {isa = PBXBuildFile; fileRef = E2AABA591C1FEAF700B82F5E /* PPRoleStateManager.m */; };
		E2AABA5E1C1FEAF700B82F5E /* PPRoleStateMemento.m in Sources */ = {isa = PBXBuildFile; fileRef = E2AABA5B1C1FEAF700B82F5E /* PPRoleStateMemento.m */; };
		E2DB3A731BFC18410014C757 /* AppDelegate.m in Sources */ = {isa = PBXBuildFile; fileRef = E2DB3A721BFC18410014C757 /* AppDelegate.m */; };
		E2DB3A761BFC18410014C757 /* main.m in Sources */ = {isa = PBXBuildFile; fileRef = E2DB3A751BFC18410014C757 /* main.m */; };
		E2DB3A781BFC18410014C757 /* Assets.xcassets in Resources */ = {isa = PBXBuildFile; fileRef = E2DB3A771BFC18410014C757 /* Assets.xcassets */; };
		E2DB3A7B1BFC18410014C757 /* MainMenu.xib in Resources */ = {isa = PBXBuildFile; fileRef = E2DB3A791BFC18410014C757 /* MainMenu.xib */; };
		E2DB3A861BFC18420014C757 /* PPDesignModeTests.m in Sources */ = {isa = PBXBuildFile; fileRef = E2DB3A851BFC18420014C757 /* PPDesignModeTests.m */; };
		E2DB3A911BFC18420014C757 /* PPDesignModeUITests.m in Sources */ = {isa = PBXBuildFile; fileRef = E2DB3A901BFC18420014C757 /* PPDesignModeUITests.m */; };
		E2FE9E691C3BA1BA007585DA /* MobileBrand.m in Sources */ = {isa = PBXBuildFile; fileRef = E2FE9E681C3BA1BA007585DA /* MobileBrand.m */; };
		E2FE9E6C1C3BA1CF007585DA /* MobileSoftware.m in Sources */ = {isa = PBXBuildFile; fileRef = E2FE9E6B1C3BA1CF007585DA /* MobileSoftware.m */; };
		E2FE9E6F1C3BA1F2007585DA /* MobileBrandM.m in Sources */ = {isa = PBXBuildFile; fileRef = E2FE9E6E1C3BA1F2007585DA /* MobileBrandM.m */; };
		E2FE9E721C3BAA83007585DA /* MobileContact.m in Sources */ = {isa = PBXBuildFile; fileRef = E2FE9E711C3BAA83007585DA /* MobileContact.m */; };
/* End PBXBuildFile section */

/* Begin PBXContainerItemProxy section */
		E2DB3A821BFC18420014C757 /* PBXContainerItemProxy */ = {
			isa = PBXContainerItemProxy;
			containerPortal = E2DB3A661BFC18410014C757 /* Project object */;
			proxyType = 1;
			remoteGlobalIDString = E2DB3A6D1BFC18410014C757;
			remoteInfo = PPDesignMode;
		};
		E2DB3A8D1BFC18420014C757 /* PBXContainerItemProxy */ = {
			isa = PBXContainerItemProxy;
			containerPortal = E2DB3A661BFC18410014C757 /* Project object */;
			proxyType = 1;
			remoteGlobalIDString = E2DB3A6D1BFC18410014C757;
			remoteInfo = PPDesignMode;
		};
/* End PBXContainerItemProxy section */

/* Begin PBXFileReference section */
		E23E52651C08377800CE78D0 /* AddFactory.h */ = {isa = PBXFileReference; fileEncoding = 4; lastKnownFileType = sourcecode.c.h; name = AddFactory.h; path = "FactoryMethodPattern(工厂方法模式)/AddFactory.h"; sourceTree = "<group>"; };
		E23E52661C08377800CE78D0 /* AddFactory.m */ = {isa = PBXFileReference; fileEncoding = 4; lastKnownFileType = sourcecode.c.objc; name = AddFactory.m; path = "FactoryMethodPattern(工厂方法模式)/AddFactory.m"; sourceTree = "<group>"; };
		E23E52671C08377800CE78D0 /* DivFactory.h */ = {isa = PBXFileReference; fileEncoding = 4; lastKnownFileType = sourcecode.c.h; name = DivFactory.h; path = "FactoryMethodPattern(工厂方法模式)/DivFactory.h"; sourceTree = "<group>"; };
		E23E52681C08377800CE78D0 /* DivFactory.m */ = {isa = PBXFileReference; fileEncoding = 4; lastKnownFileType = sourcecode.c.objc; name = DivFactory.m; path = "FactoryMethodPattern(工厂方法模式)/DivFactory.m"; sourceTree = "<group>"; };
		E23E52691C08377800CE78D0 /* IFactory.h */ = {isa = PBXFileReference; fileEncoding = 4; lastKnownFileType = sourcecode.c.h; name = IFactory.h; path = "FactoryMethodPattern(工厂方法模式)/IFactory.h"; sourceTree = "<group>"; };
		E23E526A1C08377800CE78D0 /* IFactory.m */ = {isa = PBXFileReference; fileEncoding = 4; lastKnownFileType = sourcecode.c.objc; name = IFactory.m; path = "FactoryMethodPattern(工厂方法模式)/IFactory.m"; sourceTree = "<group>"; };
		E23E526B1C08377800CE78D0 /* MulFactory.h */ = {isa = PBXFileReference; fileEncoding = 4; lastKnownFileType = sourcecode.c.h; name = MulFactory.h; path = "FactoryMethodPattern(工厂方法模式)/MulFactory.h"; sourceTree = "<group>"; };
		E23E526C1C08377800CE78D0 /* MulFactory.m */ = {isa = PBXFileReference; fileEncoding = 4; lastKnownFileType = sourcecode.c.objc; name = MulFactory.m; path = "FactoryMethodPattern(工厂方法模式)/MulFactory.m"; sourceTree = "<group>"; };
		E23E526D1C08377800CE78D0 /* SubFactory.h */ = {isa = PBXFileReference; fileEncoding = 4; lastKnownFileType = sourcecode.c.h; name = SubFactory.h; path = "FactoryMethodPattern(工厂方法模式)/SubFactory.h"; sourceTree = "<group>"; };
		E23E526E1C08377800CE78D0 /* SubFactory.m */ = {isa = PBXFileReference; fileEncoding = 4; lastKnownFileType = sourcecode.c.objc; name = SubFactory.m; path = "FactoryMethodPattern(工厂方法模式)/SubFactory.m"; sourceTree = "<group>"; };
		E23E52781C08444600CE78D0 /* Resume.h */ = {isa = PBXFileReference; fileEncoding = 4; lastKnownFileType = sourcecode.c.h; name = Resume.h; path = "PrototypeMode(原型模式)/Resume.h"; sourceTree = "<group>"; };
		E23E52791C08444600CE78D0 /* Resume.m */ = {isa = PBXFileReference; fileEncoding = 4; lastKnownFileType = sourcecode.c.objc; name = Resume.m; path = "PrototypeMode(原型模式)/Resume.m"; sourceTree = "<group>"; };
		E23E52861C084E4500CE78D0 /* AbstractClass.h */ = {isa = PBXFileReference; fileEncoding = 4; lastKnownFileType = sourcecode.c.h; name = AbstractClass.h; path = " TemplateMode(模板模式)/AbstractClass.h"; sourceTree = "<group>"; };
		E23E52871C084E4500CE78D0 /* AbstractClass.m */ = {isa = PBXFileReference; fileEncoding = 4; lastKnownFileType = sourcecode.c.objc; name = AbstractClass.m; path = " TemplateMode(模板模式)/AbstractClass.m"; sourceTree = "<group>"; };
		E23E52881C084E4500CE78D0 /* ConcreteClassA.h */ = {isa = PBXFileReference; fileEncoding = 4; lastKnownFileType = sourcecode.c.h; name = ConcreteClassA.h; path = " TemplateMode(模板模式)/ConcreteClassA.h"; sourceTree = "<group>"; };
		E23E52891C084E4500CE78D0 /* ConcreteClassA.m */ = {isa = PBXFileReference; fileEncoding = 4; lastKnownFileType = sourcecode.c.objc; name = ConcreteClassA.m; path = " TemplateMode(模板模式)/ConcreteClassA.m"; sourceTree = "<group>"; };
		E23E528A1C084E4500CE78D0 /* ConcreteClassB.h */ = {isa = PBXFileReference; fileEncoding = 4; lastKnownFileType = sourcecode.c.h; name = ConcreteClassB.h; path = " TemplateMode(模板模式)/ConcreteClassB.h"; sourceTree = "<group>"; };
		E23E528B1C084E4500CE78D0 /* ConcreteClassB.m */ = {isa = PBXFileReference; fileEncoding = 4; lastKnownFileType = sourcecode.c.objc; name = ConcreteClassB.m; path = " TemplateMode(模板模式)/ConcreteClassB.m"; sourceTree = "<group>"; };
		E23E52981C08550D00CE78D0 /* Facade.h */ = {isa = PBXFileReference; fileEncoding = 4; lastKnownFileType = sourcecode.c.h; name = Facade.h; path = "AppearanceMode(外观模式)/Facade.h"; sourceTree = "<group>"; };
		E23E52991C08550D00CE78D0 /* Facade.m */ = {isa = PBXFileReference; fileEncoding = 4; lastKnownFileType = sourcecode.c.objc; name = Facade.m; path = "AppearanceMode(外观模式)/Facade.m"; sourceTree = "<group>"; };
		E23E529A1C08550D00CE78D0 /* SystemOne.h */ = {isa = PBXFileReference; fileEncoding = 4; lastKnownFileType = sourcecode.c.h; name = SystemOne.h; path = "AppearanceMode(外观模式)/SystemOne.h"; sourceTree = "<group>"; };
		E23E529B1C08550D00CE78D0 /* SystemOne.m */ = {isa = PBXFileReference; fileEncoding = 4; lastKnownFileType = sourcecode.c.objc; name = SystemOne.m; path = "AppearanceMode(外观模式)/SystemOne.m"; sourceTree = "<group>"; };
		E23E529C1C08550D00CE78D0 /* SystemTwo.h */ = {isa = PBXFileReference; fileEncoding = 4; lastKnownFileType = sourcecode.c.h; name = SystemTwo.h; path = "AppearanceMode(外观模式)/SystemTwo.h"; sourceTree = "<group>"; };
		E23E529D1C08550D00CE78D0 /* SystemTwo.m */ = {isa = PBXFileReference; fileEncoding = 4; lastKnownFileType = sourcecode.c.objc; name = SystemTwo.m; path = "AppearanceMode(外观模式)/SystemTwo.m"; sourceTree = "<group>"; };
		E23E52AE1C085D2600CE78D0 /* PersonBuilder.h */ = {isa = PBXFileReference; fileEncoding = 4; lastKnownFileType = sourcecode.c.h; name = PersonBuilder.h; path = "建造者模式/PersonBuilder.h"; sourceTree = "<group>"; };
		E23E52AF1C085D2600CE78D0 /* PersonBuilder.m */ = {isa = PBXFileReference; fileEncoding = 4; lastKnownFileType = sourcecode.c.objc; name = PersonBuilder.m; path = "建造者模式/PersonBuilder.m"; sourceTree = "<group>"; };
		E23E52B01C085D2600CE78D0 /* PersonDirector.h */ = {isa = PBXFileReference; fileEncoding = 4; lastKnownFileType = sourcecode.c.h; name = PersonDirector.h; path = "建造者模式/PersonDirector.h"; sourceTree = "<group>"; };
		E23E52B11C085D2600CE78D0 /* PersonDirector.m */ = {isa = PBXFileReference; fileEncoding = 4; lastKnownFileType = sourcecode.c.objc; name = PersonDirector.m; path = "建造者模式/PersonDirector.m"; sourceTree = "<group>"; };
		E23E52B21C085D2600CE78D0 /* PersonFatBuilder.h */ = {isa = PBXFileReference; fileEncoding = 4; lastKnownFileType = sourcecode.c.h; name = PersonFatBuilder.h; path = "建造者模式/PersonFatBuilder.h"; sourceTree = "<group>"; };
		E23E52B31C085D2600CE78D0 /* PersonFatBuilder.m */ = {isa = PBXFileReference; fileEncoding = 4; lastKnownFileType = sourcecode.c.objc; name = PersonFatBuilder.m; path = "建造者模式/PersonFatBuilder.m"; sourceTree = "<group>"; };
		E23E52B41C085D2600CE78D0 /* PersonThinBuilder.h */ = {isa = PBXFileReference; fileEncoding = 4; lastKnownFileType = sourcecode.c.h; name = PersonThinBuilder.h; path = "建造者模式/PersonThinBuilder.h"; sourceTree = "<group>"; };
		E23E52B51C085D2600CE78D0 /* PersonThinBuilder.m */ = {isa = PBXFileReference; fileEncoding = 4; lastKnownFileType = sourcecode.c.objc; name = PersonThinBuilder.m; path = "建造者模式/PersonThinBuilder.m"; sourceTree = "<group>"; };
		E279F4291C0589F5004A20AD /* Operation.h */ = {isa = PBXFileReference; fileEncoding = 4; lastKnownFileType = sourcecode.c.h; name = Operation.h; path = "FactoryPattern(简单工厂模式)/Operation.h"; sourceTree = "<group>"; };
		E279F42A1C0589F5004A20AD /* Operation.m */ = {isa = PBXFileReference; fileEncoding = 4; lastKnownFileType = sourcecode.c.objc; name = Operation.m; path = "FactoryPattern(简单工厂模式)/Operation.m"; sourceTree = "<group>"; };
		E279F42B1C0589F5004A20AD /* OperationAdd.h */ = {isa = PBXFileReference; fileEncoding = 4; lastKnownFileType = sourcecode.c.h; name = OperationAdd.h; path = "FactoryPattern(简单工厂模式)/OperationAdd.h"; sourceTree = "<group>"; };
		E279F42C1C0589F5004A20AD /* OperationAdd.m */ = {isa = PBXFileReference; fileEncoding = 4; lastKnownFileType = sourcecode.c.objc; name = OperationAdd.m; path = "FactoryPattern(简单工厂模式)/OperationAdd.m"; sourceTree = "<group>"; };
		E279F42D1C0589F5004A20AD /* OperationDiv.h */ = {isa = PBXFileReference; fileEncoding = 4; lastKnownFileType = sourcecode.c.h; name = OperationDiv.h; path = "FactoryPattern(简单工厂模式)/OperationDiv.h"; sourceTree = "<group>"; };
		E279F42E1C0589F5004A20AD /* OperationDiv.m */ = {isa = PBXFileReference; fileEncoding = 4; lastKnownFileType = sourcecode.c.objc; name = OperationDiv.m; path = "FactoryPattern(简单工厂模式)/OperationDiv.m"; sourceTree = "<group>"; };
		E279F42F1C0589F5004A20AD /* OperationFactory.h */ = {isa = PBXFileReference; fileEncoding = 4; lastKnownFileType = sourcecode.c.h; name = OperationFactory.h; path = "FactoryPattern(简单工厂模式)/OperationFactory.h"; sourceTree = "<group>"; };
		E279F4301C0589F5004A20AD /* OperationFactory.m */ = {isa = PBXFileReference; fileEncoding = 4; lastKnownFileType = sourcecode.c.objc; name = OperationFactory.m; path = "FactoryPattern(简单工厂模式)/OperationFactory.m"; sourceTree = "<group>"; };
		E279F4311C0589F5004A20AD /* OperationMul.h */ = {isa = PBXFileReference; fileEncoding = 4; lastKnownFileType = sourcecode.c.h; name = OperationMul.h; path = "FactoryPattern(简单工厂模式)/OperationMul.h"; sourceTree = "<group>"; };
		E279F4321C0589F5004A20AD /* OperationMul.m */ = {isa = PBXFileReference; fileEncoding = 4; lastKnownFileType = sourcecode.c.objc; name = OperationMul.m; path = "FactoryPattern(简单工厂模式)/OperationMul.m"; sourceTree = "<group>"; };
		E279F4331C0589F5004A20AD /* OperationSub.h */ = {isa = PBXFileReference; fileEncoding = 4; lastKnownFileType = sourcecode.c.h; name = OperationSub.h; path = "FactoryPattern(简单工厂模式)/OperationSub.h"; sourceTree = "<group>"; };
		E279F4341C0589F5004A20AD /* OperationSub.m */ = {isa = PBXFileReference; fileEncoding = 4; lastKnownFileType = sourcecode.c.objc; name = OperationSub.m; path = "FactoryPattern(简单工厂模式)/OperationSub.m"; sourceTree = "<group>"; };
		E279F4351C0589F5004A20AD /* PPOperation.h */ = {isa = PBXFileReference; fileEncoding = 4; lastKnownFileType = sourcecode.c.h; name = PPOperation.h; path = "FactoryPattern(简单工厂模式)/PPOperation.h"; sourceTree = "<group>"; };
		E279F4361C0589F5004A20AD /* PPOperation.m */ = {isa = PBXFileReference; fileEncoding = 4; lastKnownFileType = sourcecode.c.objc; name = PPOperation.m; path = "FactoryPattern(简单工厂模式)/PPOperation.m"; sourceTree = "<group>"; };
		E279F43E1C058A2A004A20AD /* CashContext.h */ = {isa = PBXFileReference; fileEncoding = 4; lastKnownFileType = sourcecode.c.h; name = CashContext.h; path = "StrategyPattern(策略模式+工厂模式)/CashContext.h"; sourceTree = "<group>"; };
		E279F43F1C058A2A004A20AD /* CashContext.m */ = {isa = PBXFileReference; fileEncoding = 4; lastKnownFileType = sourcecode.c.objc; name = CashContext.m; path = "StrategyPattern(策略模式+工厂模式)/CashContext.m"; sourceTree = "<group>"; };
		E279F4401C058A2A004A20AD /* CashFactory.h */ = {isa = PBXFileReference; fileEncoding = 4; lastKnownFileType = sourcecode.c.h; name = CashFactory.h; path = "StrategyPattern(策略模式+工厂模式)/CashFactory.h"; sourceTree = "<group>"; };
		E279F4411C058A2A004A20AD /* CashFactory.m */ = {isa = PBXFileReference; fileEncoding = 4; lastKnownFileType = sourcecode.c.objc; name = CashFactory.m; path = "StrategyPattern(策略模式+工厂模式)/CashFactory.m"; sourceTree = "<group>"; };
		E279F4421C058A2A004A20AD /* CashNormal.h */ = {isa = PBXFileReference; fileEncoding = 4; lastKnownFileType = sourcecode.c.h; name = CashNormal.h; path = "StrategyPattern(策略模式+工厂模式)/CashNormal.h"; sourceTree = "<group>"; };
		E279F4431C058A2A004A20AD /* CashNormal.m */ = {isa = PBXFileReference; fileEncoding = 4; lastKnownFileType = sourcecode.c.objc; name = CashNormal.m; path = "StrategyPattern(策略模式+工厂模式)/CashNormal.m"; sourceTree = "<group>"; };
		E279F4441C058A2A004A20AD /* CashRebate.h */ = {isa = PBXFileReference; fileEncoding = 4; lastKnownFileType = sourcecode.c.h; name = CashRebate.h; path = "StrategyPattern(策略模式+工厂模式)/CashRebate.h"; sourceTree = "<group>"; };
		E279F4451C058A2A004A20AD /* CashRebate.m */ = {isa = PBXFileReference; fileEncoding = 4; lastKnownFileType = sourcecode.c.objc; name = CashRebate.m; path = "StrategyPattern(策略模式+工厂模式)/CashRebate.m"; sourceTree = "<group>"; };
		E279F4461C058A2A004A20AD /* CashReturn.h */ = {isa = PBXFileReference; fileEncoding = 4; lastKnownFileType = sourcecode.c.h; name = CashReturn.h; path = "StrategyPattern(策略模式+工厂模式)/CashReturn.h"; sourceTree = "<group>"; };
		E279F4471C058A2A004A20AD /* CashReturn.m */ = {isa = PBXFileReference; fileEncoding = 4; lastKnownFileType = sourcecode.c.objc; name = CashReturn.m; path = "StrategyPattern(策略模式+工厂模式)/CashReturn.m"; sourceTree = "<group>"; };
		E279F4481C058A2A004A20AD /* CashSuper.h */ = {isa = PBXFileReference; fileEncoding = 4; lastKnownFileType = sourcecode.c.h; name = CashSuper.h; path = "StrategyPattern(策略模式+工厂模式)/CashSuper.h"; sourceTree = "<group>"; };
		E279F4491C058A2A004A20AD /* CashSuper.m */ = {isa = PBXFileReference; fileEncoding = 4; lastKnownFileType = sourcecode.c.objc; name = CashSuper.m; path = "StrategyPattern(策略模式+工厂模式)/CashSuper.m"; sourceTree = "<group>"; };
		E2AAB9E01C1C1F8300B82F5E /* PPStateObject.h */ = {isa = PBXFileReference; fileEncoding = 4; lastKnownFileType = sourcecode.c.h; name = PPStateObject.h; path = "StatePattern(状态模式)/PPStateObject.h"; sourceTree = "<group>"; };
		E2AAB9E11C1C1F8300B82F5E /* PPStateObject.m */ = {isa = PBXFileReference; fileEncoding = 4; lastKnownFileType = sourcecode.c.objc; name = PPStateObject.m; path = "StatePattern(状态模式)/PPStateObject.m"; sourceTree = "<group>"; };
		E2AAB9E31C1C20A500B82F5E /* Configure.h */ = {isa = PBXFileReference; fileEncoding = 4; lastKnownFileType = sourcecode.c.h; name = Configure.h; path = configure/Configure.h; sourceTree = "<group>"; };
		E2AAB9FC1C1EC25C00B82F5E /* PPAfterNoonState.h */ = {isa = PBXFileReference; fileEncoding = 4; lastKnownFileType = sourcecode.c.h; name = PPAfterNoonState.h; path = "StatePattern(状态模式)/PPAfterNoonState.h"; sourceTree = "<group>"; };
		E2AAB9FD1C1EC25C00B82F5E /* PPAfterNoonState.m */ = {isa = PBXFileReference; fileEncoding = 4; lastKnownFileType = sourcecode.c.objc; name = PPAfterNoonState.m; path = "StatePattern(状态模式)/PPAfterNoonState.m"; sourceTree = "<group>"; };
		E2AAB9FE1C1EC25C00B82F5E /* PPEveningState.h */ = {isa = PBXFileReference; fileEncoding = 4; lastKnownFileType = sourcecode.c.h; name = PPEveningState.h; path = "StatePattern(状态模式)/PPEveningState.h"; sourceTree = "<group>"; };
		E2AAB9FF1C1EC25C00B82F5E /* PPEveningState.m */ = {isa = PBXFileReference; fileEncoding = 4; lastKnownFileType = sourcecode.c.objc; name = PPEveningState.m; path = "StatePattern(状态模式)/PPEveningState.m"; sourceTree = "<group>"; };
		E2AABA001C1EC25C00B82F5E /* PPForenoonState.h */ = {isa = PBXFileReference; fileEncoding = 4; lastKnownFileType = sourcecode.c.h; name = PPForenoonState.h; path = "StatePattern(状态模式)/PPForenoonState.h"; sourceTree = "<group>"; };
		E2AABA011C1EC25C00B82F5E /* PPForenoonState.m */ = {isa = PBXFileReference; fileEncoding = 4; lastKnownFileType = sourcecode.c.objc; name = PPForenoonState.m; path = "StatePattern(状态模式)/PPForenoonState.m"; sourceTree = "<group>"; };
		E2AABA021C1EC25C00B82F5E /* PPNoonState.h */ = {isa = PBXFileReference; fileEncoding = 4; lastKnownFileType = sourcecode.c.h; name = PPNoonState.h; path = "StatePattern(状态模式)/PPNoonState.h"; sourceTree = "<group>"; };
		E2AABA031C1EC25C00B82F5E /* PPNoonState.m */ = {isa = PBXFileReference; fileEncoding = 4; lastKnownFileType = sourcecode.c.objc; name = PPNoonState.m; path = "StatePattern(状态模式)/PPNoonState.m"; sourceTree = "<group>"; };
		E2AABA041C1EC25C00B82F5E /* PPRestState.h */ = {isa = PBXFileReference; fileEncoding = 4; lastKnownFileType = sourcecode.c.h; name = PPRestState.h; path = "StatePattern(状态模式)/PPRestState.h"; sourceTree = "<group>"; };
		E2AABA051C1EC25C00B82F5E /* PPRestState.m */ = {isa = PBXFileReference; fileEncoding = 4; lastKnownFileType = sourcecode.c.objc; name = PPRestState.m; path = "StatePattern(状态模式)/PPRestState.m"; sourceTree = "<group>"; };
		E2AABA061C1EC25C00B82F5E /* PPSleepingState.h */ = {isa = PBXFileReference; fileEncoding = 4; lastKnownFileType = sourcecode.c.h; name = PPSleepingState.h; path = "StatePattern(状态模式)/PPSleepingState.h"; sourceTree = "<group>"; };
		E2AABA071C1EC25C00B82F5E /* PPSleepingState.m */ = {isa = PBXFileReference; fileEncoding = 4; lastKnownFileType = sourcecode.c.objc; name = PPSleepingState.m; path = "StatePattern(状态模式)/PPSleepingState.m"; sourceTree = "<group>"; };
		E2AABA081C1EC25C00B82F5E /* PPState.h */ = {isa = PBXFileReference; fileEncoding = 4; lastKnownFileType = sourcecode.c.h; name = PPState.h; path = "StatePattern(状态模式)/PPState.h"; sourceTree = "<group>"; };
		E2AABA091C1EC25C00B82F5E /* PPState.m */ = {isa = PBXFileReference; fileEncoding = 4; lastKnownFileType = sourcecode.c.objc; name = PPState.m; path = "StatePattern(状态模式)/PPState.m"; sourceTree = "<group>"; };
		E2AABA0A1C1EC25C00B82F5E /* PPWork.h */ = {isa = PBXFileReference; fileEncoding = 4; lastKnownFileType = sourcecode.c.h; name = PPWork.h; path = "StatePattern(状态模式)/PPWork.h"; sourceTree = "<group>"; };
		E2AABA0B1C1EC25C00B82F5E /* PPWork.m */ = {isa = PBXFileReference; fileEncoding = 4; lastKnownFileType = sourcecode.c.objc; name = PPWork.m; path = "StatePattern(状态模式)/PPWork.m"; sourceTree = "<group>"; };
		E2AABA211C1ECA6700B82F5E /* PPCenterPlayer.h */ = {isa = PBXFileReference; fileEncoding = 4; lastKnownFileType = sourcecode.c.h; name = PPCenterPlayer.h; path = "适配器模式/PPCenterPlayer.h"; sourceTree = "<group>"; };
		E2AABA221C1ECA6700B82F5E /* PPCenterPlayer.m */ = {isa = PBXFileReference; fileEncoding = 4; lastKnownFileType = sourcecode.c.objc; name = PPCenterPlayer.m; path = "适配器模式/PPCenterPlayer.m"; sourceTree = "<group>"; };
		E2AABA251C1ECA6700B82F5E /* PPGuardsPlayer.h */ = {isa = PBXFileReference; fileEncoding = 4; lastKnownFileType = sourcecode.c.h; name = PPGuardsPlayer.h; path = "适配器模式/PPGuardsPlayer.h"; sourceTree = "<group>"; };
		E2AABA261C1ECA6700B82F5E /* PPGuardsPlayer.m */ = {isa = PBXFileReference; fileEncoding = 4; lastKnownFileType = sourcecode.c.objc; name = PPGuardsPlayer.m; path = "适配器模式/PPGuardsPlayer.m"; sourceTree = "<group>"; };
		E2AABA271C1ECA6700B82F5E /* PPPlayer.h */ = {isa = PBXFileReference; fileEncoding = 4; lastKnownFileType = sourcecode.c.h; name = PPPlayer.h; path = "适配器模式/PPPlayer.h"; sourceTree = "<group>"; };
		E2AABA281C1ECA6700B82F5E /* PPPlayer.m */ = {isa = PBXFileReference; fileEncoding = 4; lastKnownFileType = sourcecode.c.objc; name = PPPlayer.m; path = "适配器模式/PPPlayer.m"; sourceTree = "<group>"; };
		E2AABA331C1EE1E100B82F5E /* PPForeignCenterPlayer.h */ = {isa = PBXFileReference; fileEncoding = 4; lastKnownFileType = sourcecode.c.h; name = PPForeignCenterPlayer.h; path = "适配器模式/PPForeignCenterPlayer.h"; sourceTree = "<group>"; };
		E2AABA341C1EE1E100B82F5E /* PPForeignCenterPlayer.m */ = {isa = PBXFileReference; fileEncoding = 4; lastKnownFileType = sourcecode.c.objc; name = PPForeignCenterPlayer.m; path = "适配器模式/PPForeignCenterPlayer.m"; sourceTree = "<group>"; };
		E2AABA351C1EE1E100B82F5E /* PPTranslator.h */ = {isa = PBXFileReference; fileEncoding = 4; lastKnownFileType = sourcecode.c.h; name = PPTranslator.h; path = "适配器模式/PPTranslator.h"; sourceTree = "<group>"; };
		E2AABA361C1EE1E100B82F5E /* PPTranslator.m */ = {isa = PBXFileReference; fileEncoding = 4; lastKnownFileType = sourcecode.c.objc; name = PPTranslator.m; path = "适配器模式/PPTranslator.m"; sourceTree = "<group>"; };
		E2AABA431C1EF0E500B82F5E /* PPCaretaker.h */ = {isa = PBXFileReference; fileEncoding = 4; lastKnownFileType = sourcecode.c.h; name = PPCaretaker.h; path = "备忘录模式/PPCaretaker.h"; sourceTree = "<group>"; };
		E2AABA441C1EF0E500B82F5E /* PPCaretaker.m */ = {isa = PBXFileReference; fileEncoding = 4; lastKnownFileType = sourcecode.c.objc; name = PPCaretaker.m; path = "备忘录模式/PPCaretaker.m"; sourceTree = "<group>"; };
		E2AABA451C1EF0E500B82F5E /* PPMemento.h */ = {isa = PBXFileReference; fileEncoding = 4; lastKnownFileType = sourcecode.c.h; name = PPMemento.h; path = "备忘录模式/PPMemento.h"; sourceTree = "<group>"; };
		E2AABA461C1EF0E500B82F5E /* PPMemento.m */ = {isa = PBXFileReference; fileEncoding = 4; lastKnownFileType = sourcecode.c.objc; name = PPMemento.m; path = "备忘录模式/PPMemento.m"; sourceTree = "<group>"; };
		E2AABA471C1EF0E500B82F5E /* PPOriginator.h */ = {isa = PBXFileReference; fileEncoding = 4; lastKnownFileType = sourcecode.c.h; name = PPOriginator.h; path = "备忘录模式/PPOriginator.h"; sourceTree = "<group>"; };
		E2AABA481C1EF0E500B82F5E /* PPOriginator.m */ = {isa = PBXFileReference; fileEncoding = 4; lastKnownFileType = sourcecode.c.objc; name = PPOriginator.m; path = "备忘录模式/PPOriginator.m"; sourceTree = "<group>"; };
		E2AABA561C1FEAF700B82F5E /* PPGameRole.h */ = {isa = PBXFileReference; fileEncoding = 4; lastKnownFileType = sourcecode.c.h; name = PPGameRole.h; path = "备忘录模式/PPGameRole.h"; sourceTree = "<group>"; };
		E2AABA571C1FEAF700B82F5E /* PPGameRole.m */ = {isa = PBXFileReference; fileEncoding = 4; lastKnownFileType = sourcecode.c.objc; name = PPGameRole.m; path = "备忘录模式/PPGameRole.m"; sourceTree = "<group>"; };
		E2AABA581C1FEAF700B82F5E /* PPRoleStateManager.h */ = {isa = PBXFileReference; fileEncoding = 4; lastKnownFileType = sourcecode.c.h; name = PPRoleStateManager.h; path = "备忘录模式/PPRoleStateManager.h"; sourceTree = "<group>"; };
		E2AABA591C1FEAF700B82F5E /* PPRoleStateManager.m */ = {isa = PBXFileReference; fileEncoding = 4; lastKnownFileType = sourcecode.c.objc; name = PPRoleStateManager.m; path = "备忘录模式/PPRoleStateManager.m"; sourceTree = "<group>"; };
		E2AABA5A1C1FEAF700B82F5E /* PPRoleStateMemento.h */ = {isa = PBXFileReference; fileEncoding = 4; lastKnownFileType = sourcecode.c.h; name = PPRoleStateMemento.h; path = "备忘录模式/PPRoleStateMemento.h"; sourceTree = "<group>"; };
		E2AABA5B1C1FEAF700B82F5E /* PPRoleStateMemento.m */ = {isa = PBXFileReference; fileEncoding = 4; lastKnownFileType = sourcecode.c.objc; name = PPRoleStateMemento.m; path = "备忘录模式/PPRoleStateMemento.m"; sourceTree = "<group>"; };
		E2DB3A6E1BFC18410014C757 /* PPDesignMode.app */ = {isa = PBXFileReference; explicitFileType = wrapper.application; includeInIndex = 0; path = PPDesignMode.app; sourceTree = BUILT_PRODUCTS_DIR; };
		E2DB3A711BFC18410014C757 /* AppDelegate.h */ = {isa = PBXFileReference; lastKnownFileType = sourcecode.c.h; path = AppDelegate.h; sourceTree = "<group>"; };
		E2DB3A721BFC18410014C757 /* AppDelegate.m */ = {isa = PBXFileReference; lastKnownFileType = sourcecode.c.objc; path = AppDelegate.m; sourceTree = "<group>"; };
		E2DB3A751BFC18410014C757 /* main.m */ = {isa = PBXFileReference; lastKnownFileType = sourcecode.c.objc; path = main.m; sourceTree = "<group>"; };
		E2DB3A771BFC18410014C757 /* Assets.xcassets */ = {isa = PBXFileReference; lastKnownFileType = folder.assetcatalog; path = Assets.xcassets; sourceTree = "<group>"; };
		E2DB3A7A1BFC18410014C757 /* Base */ = {isa = PBXFileReference; lastKnownFileType = file.xib; name = Base; path = Base.lproj/MainMenu.xib; sourceTree = "<group>"; };
		E2DB3A7C1BFC18410014C757 /* Info.plist */ = {isa = PBXFileReference; lastKnownFileType = text.plist.xml; path = Info.plist; sourceTree = "<group>"; };
		E2DB3A811BFC18420014C757 /* PPDesignModeTests.xctest */ = {isa = PBXFileReference; explicitFileType = wrapper.cfbundle; includeInIndex = 0; path = PPDesignModeTests.xctest; sourceTree = BUILT_PRODUCTS_DIR; };
		E2DB3A851BFC18420014C757 /* PPDesignModeTests.m */ = {isa = PBXFileReference; lastKnownFileType = sourcecode.c.objc; path = PPDesignModeTests.m; sourceTree = "<group>"; };
		E2DB3A871BFC18420014C757 /* Info.plist */ = {isa = PBXFileReference; lastKnownFileType = text.plist.xml; path = Info.plist; sourceTree = "<group>"; };
		E2DB3A8C1BFC18420014C757 /* PPDesignModeUITests.xctest */ = {isa = PBXFileReference; explicitFileType = wrapper.cfbundle; includeInIndex = 0; path = PPDesignModeUITests.xctest; sourceTree = BUILT_PRODUCTS_DIR; };
		E2DB3A901BFC18420014C757 /* PPDesignModeUITests.m */ = {isa = PBXFileReference; lastKnownFileType = sourcecode.c.objc; path = PPDesignModeUITests.m; sourceTree = "<group>"; };
		E2DB3A921BFC18420014C757 /* Info.plist */ = {isa = PBXFileReference; lastKnownFileType = text.plist.xml; path = Info.plist; sourceTree = "<group>"; };
		E2FE9E671C3BA1BA007585DA /* MobileBrand.h */ = {isa = PBXFileReference; fileEncoding = 4; lastKnownFileType = sourcecode.c.h; path = MobileBrand.h; sourceTree = "<group>"; };
		E2FE9E681C3BA1BA007585DA /* MobileBrand.m */ = {isa = PBXFileReference; fileEncoding = 4; lastKnownFileType = sourcecode.c.objc; path = MobileBrand.m; sourceTree = "<group>"; };
		E2FE9E6A1C3BA1CF007585DA /* MobileSoftware.h */ = {isa = PBXFileReference; fileEncoding = 4; lastKnownFileType = sourcecode.c.h; path = MobileSoftware.h; sourceTree = "<group>"; };
		E2FE9E6B1C3BA1CF007585DA /* MobileSoftware.m */ = {isa = PBXFileReference; fileEncoding = 4; lastKnownFileType = sourcecode.c.objc; path = MobileSoftware.m; sourceTree = "<group>"; };
		E2FE9E6D1C3BA1F2007585DA /* MobileBrandM.h */ = {isa = PBXFileReference; fileEncoding = 4; lastKnownFileType = sourcecode.c.h; path = MobileBrandM.h; sourceTree = "<group>"; };
		E2FE9E6E1C3BA1F2007585DA /* MobileBrandM.m */ = {isa = PBXFileReference; fileEncoding = 4; lastKnownFileType = sourcecode.c.objc; path = MobileBrandM.m; sourceTree = "<group>"; };
		E2FE9E701C3BAA83007585DA /* MobileContact.h */ = {isa = PBXFileReference; fileEncoding = 4; lastKnownFileType = sourcecode.c.h; path = MobileContact.h; sourceTree = "<group>"; };
		E2FE9E711C3BAA83007585DA /* MobileContact.m */ = {isa = PBXFileReference; fileEncoding = 4; lastKnownFileType = sourcecode.c.objc; path = MobileContact.m; sourceTree = "<group>"; };
/* End PBXFileReference section */

/* Begin PBXFrameworksBuildPhase section */
		E2DB3A6B1BFC18410014C757 /* Frameworks */ = {
			isa = PBXFrameworksBuildPhase;
			buildActionMask = 2147483647;
			files = (
			);
			runOnlyForDeploymentPostprocessing = 0;
		};
		E2DB3A7E1BFC18420014C757 /* Frameworks */ = {
			isa = PBXFrameworksBuildPhase;
			buildActionMask = 2147483647;
			files = (
			);
			runOnlyForDeploymentPostprocessing = 0;
		};
		E2DB3A891BFC18420014C757 /* Frameworks */ = {
			isa = PBXFrameworksBuildPhase;
			buildActionMask = 2147483647;
			files = (
			);
			runOnlyForDeploymentPostprocessing = 0;
		};
/* End PBXFrameworksBuildPhase section */

/* Begin PBXGroup section */
		E21F7F591C184FC200E7E733 /* StatePattern(状态模式) */ = {
			isa = PBXGroup;
			children = (
				E21F7F5B1C18506300E7E733 /* second version */,
				E21F7F5A1C18505500E7E733 /* first version */,
			);
			name = "StatePattern(状态模式)";
			sourceTree = "<group>";
		};
		E21F7F5A1C18505500E7E733 /* first version */ = {
			isa = PBXGroup;
			children = (
				E2AAB9E01C1C1F8300B82F5E /* PPStateObject.h */,
				E2AAB9E11C1C1F8300B82F5E /* PPStateObject.m */,
			);
			name = "first version";
			sourceTree = "<group>";
		};
		E21F7F5B1C18506300E7E733 /* second version */ = {
			isa = PBXGroup;
			children = (
				E2AAB9FC1C1EC25C00B82F5E /* PPAfterNoonState.h */,
				E2AAB9FD1C1EC25C00B82F5E /* PPAfterNoonState.m */,
				E2AAB9FE1C1EC25C00B82F5E /* PPEveningState.h */,
				E2AAB9FF1C1EC25C00B82F5E /* PPEveningState.m */,
				E2AABA001C1EC25C00B82F5E /* PPForenoonState.h */,
				E2AABA011C1EC25C00B82F5E /* PPForenoonState.m */,
				E2AABA021C1EC25C00B82F5E /* PPNoonState.h */,
				E2AABA031C1EC25C00B82F5E /* PPNoonState.m */,
				E2AABA041C1EC25C00B82F5E /* PPRestState.h */,
				E2AABA051C1EC25C00B82F5E /* PPRestState.m */,
				E2AABA061C1EC25C00B82F5E /* PPSleepingState.h */,
				E2AABA071C1EC25C00B82F5E /* PPSleepingState.m */,
				E2AABA081C1EC25C00B82F5E /* PPState.h */,
				E2AABA091C1EC25C00B82F5E /* PPState.m */,
				E2AABA0A1C1EC25C00B82F5E /* PPWork.h */,
				E2AABA0B1C1EC25C00B82F5E /* PPWork.m */,
			);
			name = "second version";
			sourceTree = "<group>";
		};
		E23E52531C07268F00CE78D0 /* FactoryMethodPattern(工厂方法模式) */ = {
			isa = PBXGroup;
			children = (
				E23E52651C08377800CE78D0 /* AddFactory.h */,
				E23E52661C08377800CE78D0 /* AddFactory.m */,
				E23E52671C08377800CE78D0 /* DivFactory.h */,
				E23E52681C08377800CE78D0 /* DivFactory.m */,
				E23E52691C08377800CE78D0 /* IFactory.h */,
				E23E526A1C08377800CE78D0 /* IFactory.m */,
				E23E526B1C08377800CE78D0 /* MulFactory.h */,
				E23E526C1C08377800CE78D0 /* MulFactory.m */,
				E23E526D1C08377800CE78D0 /* SubFactory.h */,
				E23E526E1C08377800CE78D0 /* SubFactory.m */,
			);
			name = "FactoryMethodPattern(工厂方法模式)";
			sourceTree = "<group>";
		};
		E23E52741C0837CA00CE78D0 /* PrototypeMode(原型模式) */ = {
			isa = PBXGroup;
			children = (
				E23E52781C08444600CE78D0 /* Resume.h */,
				E23E52791C08444600CE78D0 /* Resume.m */,
			);
			name = "PrototypeMode(原型模式)";
			sourceTree = "<group>";
		};
		E23E527B1C08446B00CE78D0 /*  TemplateMode(模板模式) */ = {
			isa = PBXGroup;
			children = (
				E23E52861C084E4500CE78D0 /* AbstractClass.h */,
				E23E52871C084E4500CE78D0 /* AbstractClass.m */,
				E23E52881C084E4500CE78D0 /* ConcreteClassA.h */,
				E23E52891C084E4500CE78D0 /* ConcreteClassA.m */,
				E23E528A1C084E4500CE78D0 /* ConcreteClassB.h */,
				E23E528B1C084E4500CE78D0 /* ConcreteClassB.m */,
			);
			name = " TemplateMode(模板模式)";
			sourceTree = "<group>";
		};
		E23E52851C084E1000CE78D0 /* AppearanceMode(外观模式) */ = {
			isa = PBXGroup;
			children = (
				E23E52981C08550D00CE78D0 /* Facade.h */,
				E23E52991C08550D00CE78D0 /* Facade.m */,
				E23E529A1C08550D00CE78D0 /* SystemOne.h */,
				E23E529B1C08550D00CE78D0 /* SystemOne.m */,
				E23E529C1C08550D00CE78D0 /* SystemTwo.h */,
				E23E529D1C08550D00CE78D0 /* SystemTwo.m */,
			);
			name = "AppearanceMode(外观模式)";
			sourceTree = "<group>";
		};
		E23E52A11C08558F00CE78D0 /* 建造者模式 */ = {
			isa = PBXGroup;
			children = (
				E23E52AE1C085D2600CE78D0 /* PersonBuilder.h */,
				E23E52AF1C085D2600CE78D0 /* PersonBuilder.m */,
				E23E52B01C085D2600CE78D0 /* PersonDirector.h */,
				E23E52B11C085D2600CE78D0 /* PersonDirector.m */,
				E23E52B21C085D2600CE78D0 /* PersonFatBuilder.h */,
				E23E52B31C085D2600CE78D0 /* PersonFatBuilder.m */,
				E23E52B41C085D2600CE78D0 /* PersonThinBuilder.h */,
				E23E52B51C085D2600CE78D0 /* PersonThinBuilder.m */,
			);
			name = "建造者模式";
			sourceTree = "<group>";
		};
		E279F4121C02F74B004A20AD /* FactoryPattern(简单工厂模式) */ = {
			isa = PBXGroup;
			children = (
				E2DB3A9F1BFC185F0014C757 /* second method */,
				E2DB3A9E1BFC18530014C757 /* first method */,
			);
			name = "FactoryPattern(简单工厂模式)";
			sourceTree = "<group>";
		};
		E279F4131C02F79E004A20AD /* StrategyPattern(策略模式+工厂模式) */ = {
			isa = PBXGroup;
			children = (
				E279F43E1C058A2A004A20AD /* CashContext.h */,
				E279F43F1C058A2A004A20AD /* CashContext.m */,
				E279F4401C058A2A004A20AD /* CashFactory.h */,
				E279F4411C058A2A004A20AD /* CashFactory.m */,
				E279F4421C058A2A004A20AD /* CashNormal.h */,
				E279F4431C058A2A004A20AD /* CashNormal.m */,
				E279F4441C058A2A004A20AD /* CashRebate.h */,
				E279F4451C058A2A004A20AD /* CashRebate.m */,
				E279F4461C058A2A004A20AD /* CashReturn.h */,
				E279F4471C058A2A004A20AD /* CashReturn.m */,
				E279F4481C058A2A004A20AD /* CashSuper.h */,
				E279F4491C058A2A004A20AD /* CashSuper.m */,
			);
			name = "StrategyPattern(策略模式+工厂模式)";
			sourceTree = "<group>";
		};
		E2AABA141C1EC30200B82F5E /* 适配器模式 */ = {
			isa = PBXGroup;
			children = (
				E2AABA211C1ECA6700B82F5E /* PPCenterPlayer.h */,
				E2AABA221C1ECA6700B82F5E /* PPCenterPlayer.m */,
				E2AABA251C1ECA6700B82F5E /* PPGuardsPlayer.h */,
				E2AABA261C1ECA6700B82F5E /* PPGuardsPlayer.m */,
				E2AABA271C1ECA6700B82F5E /* PPPlayer.h */,
				E2AABA281C1ECA6700B82F5E /* PPPlayer.m */,
				E2AABA331C1EE1E100B82F5E /* PPForeignCenterPlayer.h */,
				E2AABA341C1EE1E100B82F5E /* PPForeignCenterPlayer.m */,
				E2AABA351C1EE1E100B82F5E /* PPTranslator.h */,
				E2AABA361C1EE1E100B82F5E /* PPTranslator.m */,
			);
			name = "适配器模式";
			sourceTree = "<group>";
		};
		E2AABA391C1EE3F700B82F5E /* 备忘录模式 */ = {
			isa = PBXGroup;
			children = (
				E2AABA4C1C1EF1AB00B82F5E /* 游戏进度备忘 */,
				E2AABA431C1EF0E500B82F5E /* PPCaretaker.h */,
				E2AABA441C1EF0E500B82F5E /* PPCaretaker.m */,
				E2AABA451C1EF0E500B82F5E /* PPMemento.h */,
				E2AABA461C1EF0E500B82F5E /* PPMemento.m */,
				E2AABA471C1EF0E500B82F5E /* PPOriginator.h */,
				E2AABA481C1EF0E500B82F5E /* PPOriginator.m */,
			);
			name = "备忘录模式";
			sourceTree = "<group>";
		};
		E2AABA4C1C1EF1AB00B82F5E /* 游戏进度备忘 */ = {
			isa = PBXGroup;
			children = (
				E2AABA561C1FEAF700B82F5E /* PPGameRole.h */,
				E2AABA571C1FEAF700B82F5E /* PPGameRole.m */,
				E2AABA581C1FEAF700B82F5E /* PPRoleStateManager.h */,
				E2AABA591C1FEAF700B82F5E /* PPRoleStateManager.m */,
				E2AABA5A1C1FEAF700B82F5E /* PPRoleStateMemento.h */,
				E2AABA5B1C1FEAF700B82F5E /* PPRoleStateMemento.m */,
			);
			name = "游戏进度备忘";
			sourceTree = "<group>";
		};
		E2DB3A651BFC18410014C757 = {
			isa = PBXGroup;
			children = (
				E2DB3A701BFC18410014C757 /* PPDesignMode */,
				E2DB3A841BFC18420014C757 /* PPDesignModeTests */,
				E2DB3A8F1BFC18420014C757 /* PPDesignModeUITests */,
				E2DB3A6F1BFC18410014C757 /* Products */,
			);
			sourceTree = "<group>";
		};
		E2DB3A6F1BFC18410014C757 /* Products */ = {
			isa = PBXGroup;
			children = (
				E2DB3A6E1BFC18410014C757 /* PPDesignMode.app */,
				E2DB3A811BFC18420014C757 /* PPDesignModeTests.xctest */,
				E2DB3A8C1BFC18420014C757 /* PPDesignModeUITests.xctest */,
			);
			name = Products;
			sourceTree = "<group>";
		};
		E2DB3A701BFC18410014C757 /* PPDesignMode */ = {
			isa = PBXGroup;
			children = (
				E2FE9E661C3B9EF5007585DA /* 桥接模式 */,
				E2AABA391C1EE3F700B82F5E /* 备忘录模式 */,
				E2AABA141C1EC30200B82F5E /* 适配器模式 */,
				E21F7F591C184FC200E7E733 /* StatePattern(状态模式) */,
				E23E52A11C08558F00CE78D0 /* 建造者模式 */,
				E23E52851C084E1000CE78D0 /* AppearanceMode(外观模式) */,
				E23E527B1C08446B00CE78D0 /*  TemplateMode(模板模式) */,
				E23E52741C0837CA00CE78D0 /* PrototypeMode(原型模式) */,
				E23E52531C07268F00CE78D0 /* FactoryMethodPattern(工厂方法模式) */,
				E279F4131C02F79E004A20AD /* StrategyPattern(策略模式+工厂模式) */,
				E279F4121C02F74B004A20AD /* FactoryPattern(简单工厂模式) */,
				E2DB3A711BFC18410014C757 /* AppDelegate.h */,
				E2DB3A721BFC18410014C757 /* AppDelegate.m */,
				E2DB3A771BFC18410014C757 /* Assets.xcassets */,
				E2DB3A791BFC18410014C757 /* MainMenu.xib */,
				E2DB3A7C1BFC18410014C757 /* Info.plist */,
				E2DB3A741BFC18410014C757 /* Supporting Files */,
				E2AAB9E31C1C20A500B82F5E /* Configure.h */,
			);
			path = PPDesignMode;
			sourceTree = "<group>";
		};
		E2DB3A741BFC18410014C757 /* Supporting Files */ = {
			isa = PBXGroup;
			children = (
				E2DB3A751BFC18410014C757 /* main.m */,
			);
			name = "Supporting Files";
			sourceTree = "<group>";
		};
		E2DB3A841BFC18420014C757 /* PPDesignModeTests */ = {
			isa = PBXGroup;
			children = (
				E2DB3A851BFC18420014C757 /* PPDesignModeTests.m */,
				E2DB3A871BFC18420014C757 /* Info.plist */,
			);
			path = PPDesignModeTests;
			sourceTree = "<group>";
		};
		E2DB3A8F1BFC18420014C757 /* PPDesignModeUITests */ = {
			isa = PBXGroup;
			children = (
				E2DB3A901BFC18420014C757 /* PPDesignModeUITests.m */,
				E2DB3A921BFC18420014C757 /* Info.plist */,
			);
			path = PPDesignModeUITests;
			sourceTree = "<group>";
		};
		E2DB3A9E1BFC18530014C757 /* first method */ = {
			isa = PBXGroup;
			children = (
				E279F4351C0589F5004A20AD /* PPOperation.h */,
				E279F4361C0589F5004A20AD /* PPOperation.m */,
			);
			name = "first method";
			sourceTree = "<group>";
		};
		E2DB3A9F1BFC185F0014C757 /* second method */ = {
			isa = PBXGroup;
			children = (
				E279F4291C0589F5004A20AD /* Operation.h */,
				E279F42A1C0589F5004A20AD /* Operation.m */,
				E279F42B1C0589F5004A20AD /* OperationAdd.h */,
				E279F42C1C0589F5004A20AD /* OperationAdd.m */,
				E279F42D1C0589F5004A20AD /* OperationDiv.h */,
				E279F42E1C0589F5004A20AD /* OperationDiv.m */,
				E279F42F1C0589F5004A20AD /* OperationFactory.h */,
				E279F4301C0589F5004A20AD /* OperationFactory.m */,
				E279F4311C0589F5004A20AD /* OperationMul.h */,
				E279F4321C0589F5004A20AD /* OperationMul.m */,
				E279F4331C0589F5004A20AD /* OperationSub.h */,
				E279F4341C0589F5004A20AD /* OperationSub.m */,
			);
			name = "second method";
			sourceTree = "<group>";
		};
		E2FE9E661C3B9EF5007585DA /* 桥接模式 */ = {
			isa = PBXGroup;
			children = (
				E2FE9E671C3BA1BA007585DA /* MobileBrand.h */,
				E2FE9E681C3BA1BA007585DA /* MobileBrand.m */,
				E2FE9E6D1C3BA1F2007585DA /* MobileBrandM.h */,
				E2FE9E6E1C3BA1F2007585DA /* MobileBrandM.m */,
				E2FE9E6A1C3BA1CF007585DA /* MobileSoftware.h */,
				E2FE9E6B1C3BA1CF007585DA /* MobileSoftware.m */,
				E2FE9E701C3BAA83007585DA /* MobileContact.h */,
				E2FE9E711C3BAA83007585DA /* MobileContact.m */,
			);
			name = "桥接模式";
			sourceTree = "<group>";
		};
/* End PBXGroup section */

/* Begin PBXNativeTarget section */
		E2DB3A6D1BFC18410014C757 /* PPDesignMode */ = {
			isa = PBXNativeTarget;
			buildConfigurationList = E2DB3A951BFC18420014C757 /* Build configuration list for PBXNativeTarget "PPDesignMode" */;
			buildPhases = (
				E2DB3A6A1BFC18410014C757 /* Sources */,
				E2DB3A6B1BFC18410014C757 /* Frameworks */,
				E2DB3A6C1BFC18410014C757 /* Resources */,
			);
			buildRules = (
			);
			dependencies = (
			);
			name = PPDesignMode;
			productName = PPDesignMode;
			productReference = E2DB3A6E1BFC18410014C757 /* PPDesignMode.app */;
			productType = "com.apple.product-type.application";
		};
		E2DB3A801BFC18420014C757 /* PPDesignModeTests */ = {
			isa = PBXNativeTarget;
			buildConfigurationList = E2DB3A981BFC18420014C757 /* Build configuration list for PBXNativeTarget "PPDesignModeTests" */;
			buildPhases = (
				E2DB3A7D1BFC18420014C757 /* Sources */,
				E2DB3A7E1BFC18420014C757 /* Frameworks */,
				E2DB3A7F1BFC18420014C757 /* Resources */,
			);
			buildRules = (
			);
			dependencies = (
				E2DB3A831BFC18420014C757 /* PBXTargetDependency */,
			);
			name = PPDesignModeTests;
			productName = PPDesignModeTests;
			productReference = E2DB3A811BFC18420014C757 /* PPDesignModeTests.xctest */;
			productType = "com.apple.product-type.bundle.unit-test";
		};
		E2DB3A8B1BFC18420014C757 /* PPDesignModeUITests */ = {
			isa = PBXNativeTarget;
			buildConfigurationList = E2DB3A9B1BFC18420014C757 /* Build configuration list for PBXNativeTarget "PPDesignModeUITests" */;
			buildPhases = (
				E2DB3A881BFC18420014C757 /* Sources */,
				E2DB3A891BFC18420014C757 /* Frameworks */,
				E2DB3A8A1BFC18420014C757 /* Resources */,
			);
			buildRules = (
			);
			dependencies = (
				E2DB3A8E1BFC18420014C757 /* PBXTargetDependency */,
			);
			name = PPDesignModeUITests;
			productName = PPDesignModeUITests;
			productReference = E2DB3A8C1BFC18420014C757 /* PPDesignModeUITests.xctest */;
			productType = "com.apple.product-type.bundle.ui-testing";
		};
/* End PBXNativeTarget section */

/* Begin PBXProject section */
		E2DB3A661BFC18410014C757 /* Project object */ = {
			isa = PBXProject;
			attributes = {
				LastUpgradeCheck = 0710;
				ORGANIZATIONNAME = test;
				TargetAttributes = {
					E2DB3A6D1BFC18410014C757 = {
						CreatedOnToolsVersion = 7.1.1;
					};
					E2DB3A801BFC18420014C757 = {
						CreatedOnToolsVersion = 7.1.1;
						TestTargetID = E2DB3A6D1BFC18410014C757;
					};
					E2DB3A8B1BFC18420014C757 = {
						CreatedOnToolsVersion = 7.1.1;
						TestTargetID = E2DB3A6D1BFC18410014C757;
					};
				};
			};
			buildConfigurationList = E2DB3A691BFC18410014C757 /* Build configuration list for PBXProject "PPDesignMode" */;
			compatibilityVersion = "Xcode 3.2";
			developmentRegion = English;
			hasScannedForEncodings = 0;
			knownRegions = (
				en,
				Base,
			);
			mainGroup = E2DB3A651BFC18410014C757;
			productRefGroup = E2DB3A6F1BFC18410014C757 /* Products */;
			projectDirPath = "";
			projectRoot = "";
			targets = (
				E2DB3A6D1BFC18410014C757 /* PPDesignMode */,
				E2DB3A801BFC18420014C757 /* PPDesignModeTests */,
				E2DB3A8B1BFC18420014C757 /* PPDesignModeUITests */,
			);
		};
/* End PBXProject section */

/* Begin PBXResourcesBuildPhase section */
		E2DB3A6C1BFC18410014C757 /* Resources */ = {
			isa = PBXResourcesBuildPhase;
			buildActionMask = 2147483647;
			files = (
				E2DB3A781BFC18410014C757 /* Assets.xcassets in Resources */,
				E2DB3A7B1BFC18410014C757 /* MainMenu.xib in Resources */,
			);
			runOnlyForDeploymentPostprocessing = 0;
		};
		E2DB3A7F1BFC18420014C757 /* Resources */ = {
			isa = PBXResourcesBuildPhase;
			buildActionMask = 2147483647;
			files = (
			);
			runOnlyForDeploymentPostprocessing = 0;
		};
		E2DB3A8A1BFC18420014C757 /* Resources */ = {
			isa = PBXResourcesBuildPhase;
			buildActionMask = 2147483647;
			files = (
			);
			runOnlyForDeploymentPostprocessing = 0;
		};
/* End PBXResourcesBuildPhase section */

/* Begin PBXSourcesBuildPhase section */
		E2DB3A6A1BFC18410014C757 /* Sources */ = {
			isa = PBXSourcesBuildPhase;
			buildActionMask = 2147483647;
			files = (
				E23E52B81C085D2600CE78D0 /* PersonFatBuilder.m in Sources */,
				E23E52721C08377800CE78D0 /* MulFactory.m in Sources */,
				E279F44A1C058A2A004A20AD /* CashContext.m in Sources */,
				E2AABA0D1C1EC25C00B82F5E /* PPEveningState.m in Sources */,
				E279F43B1C0589F5004A20AD /* OperationMul.m in Sources */,
				E2AABA5D1C1FEAF700B82F5E /* PPRoleStateManager.m in Sources */,
				E23E52B71C085D2600CE78D0 /* PersonDirector.m in Sources */,
				E2AABA0F1C1EC25C00B82F5E /* PPNoonState.m in Sources */,
				E2AABA2C1C1ECA6700B82F5E /* PPPlayer.m in Sources */,
				E23E528C1C084E4500CE78D0 /* AbstractClass.m in Sources */,
				E23E526F1C08377800CE78D0 /* AddFactory.m in Sources */,
				E2AABA4A1C1EF0E500B82F5E /* PPMemento.m in Sources */,
				E279F4391C0589F5004A20AD /* OperationDiv.m in Sources */,
				E2AABA491C1EF0E500B82F5E /* PPCaretaker.m in Sources */,
				E23E52A01C08550D00CE78D0 /* SystemTwo.m in Sources */,
				E279F44F1C058A2A004A20AD /* CashSuper.m in Sources */,
				E23E52701C08377800CE78D0 /* DivFactory.m in Sources */,
				E2AABA5C1C1FEAF700B82F5E /* PPGameRole.m in Sources */,
				E23E528D1C084E4500CE78D0 /* ConcreteClassA.m in Sources */,
				E2AABA2B1C1ECA6700B82F5E /* PPGuardsPlayer.m in Sources */,
				E2AABA5E1C1FEAF700B82F5E /* PPRoleStateMemento.m in Sources */,
				E2AABA131C1EC25C00B82F5E /* PPWork.m in Sources */,
				E279F44C1C058A2A004A20AD /* CashNormal.m in Sources */,
				E2DB3A761BFC18410014C757 /* main.m in Sources */,
				E279F44D1C058A2A004A20AD /* CashRebate.m in Sources */,
				E279F43A1C0589F5004A20AD /* OperationFactory.m in Sources */,
				E2AABA111C1EC25C00B82F5E /* PPSleepingState.m in Sources */,
				E2AABA0E1C1EC25C00B82F5E /* PPForenoonState.m in Sources */,
				E279F44B1C058A2A004A20AD /* CashFactory.m in Sources */,
				E2AABA291C1ECA6700B82F5E /* PPCenterPlayer.m in Sources */,
				E2AABA4B1C1EF0E500B82F5E /* PPOriginator.m in Sources */,
				E23E528E1C084E4500CE78D0 /* ConcreteClassB.m in Sources */,
				E279F4381C0589F5004A20AD /* OperationAdd.m in Sources */,
				E2AABA121C1EC25C00B82F5E /* PPState.m in Sources */,
				E279F43D1C0589F5004A20AD /* PPOperation.m in Sources */,
				E279F43C1C0589F5004A20AD /* OperationSub.m in Sources */,
				E2DB3A731BFC18410014C757 /* AppDelegate.m in Sources */,
				E2FE9E6C1C3BA1CF007585DA /* MobileSoftware.m in Sources */,
				E2AAB9E21C1C1F8300B82F5E /* PPStateObject.m in Sources */,
				E279F44E1C058A2A004A20AD /* CashReturn.m in Sources */,
				E23E52731C08377800CE78D0 /* SubFactory.m in Sources */,
				E23E529E1C08550D00CE78D0 /* Facade.m in Sources */,
				E2FE9E691C3BA1BA007585DA /* MobileBrand.m in Sources */,
				E2AABA381C1EE1E100B82F5E /* PPTranslator.m in Sources */,
				E2AABA101C1EC25C00B82F5E /* PPRestState.m in Sources */,
				E2FE9E6F1C3BA1F2007585DA /* MobileBrandM.m in Sources */,
				E2AABA0C1C1EC25C00B82F5E /* PPAfterNoonState.m in Sources */,
				E23E52711C08377800CE78D0 /* IFactory.m in Sources */,
				E23E527A1C08444600CE78D0 /* Resume.m in Sources */,
				E23E52B61C085D2600CE78D0 /* PersonBuilder.m in Sources */,
				E2FE9E721C3BAA83007585DA /* MobileContact.m in Sources */,
				E279F4371C0589F5004A20AD /* Operation.m in Sources */,
				E23E529F1C08550D00CE78D0 /* SystemOne.m in Sources */,
				E2AABA371C1EE1E100B82F5E /* PPForeignCenterPlayer.m in Sources */,
				E23E52B91C085D2600CE78D0 /* PersonThinBuilder.m in Sources */,
			);
			runOnlyForDeploymentPostprocessing = 0;
		};
		E2DB3A7D1BFC18420014C757 /* Sources */ = {
			isa = PBXSourcesBuildPhase;
			buildActionMask = 2147483647;
			files = (
				E2DB3A861BFC18420014C757 /* PPDesignModeTests.m in Sources */,
			);
			runOnlyForDeploymentPostprocessing = 0;
		};
		E2DB3A881BFC18420014C757 /* Sources */ = {
			isa = PBXSourcesBuildPhase;
			buildActionMask = 2147483647;
			files = (
				E2DB3A911BFC18420014C757 /* PPDesignModeUITests.m in Sources */,
			);
			runOnlyForDeploymentPostprocessing = 0;
		};
/* End PBXSourcesBuildPhase section */

/* Begin PBXTargetDependency section */
		E2DB3A831BFC18420014C757 /* PBXTargetDependency */ = {
			isa = PBXTargetDependency;
			target = E2DB3A6D1BFC18410014C757 /* PPDesignMode */;
			targetProxy = E2DB3A821BFC18420014C757 /* PBXContainerItemProxy */;
		};
		E2DB3A8E1BFC18420014C757 /* PBXTargetDependency */ = {
			isa = PBXTargetDependency;
			target = E2DB3A6D1BFC18410014C757 /* PPDesignMode */;
			targetProxy = E2DB3A8D1BFC18420014C757 /* PBXContainerItemProxy */;
		};
/* End PBXTargetDependency section */

/* Begin PBXVariantGroup section */
		E2DB3A791BFC18410014C757 /* MainMenu.xib */ = {
			isa = PBXVariantGroup;
			children = (
				E2DB3A7A1BFC18410014C757 /* Base */,
			);
			name = MainMenu.xib;
			sourceTree = "<group>";
		};
/* End PBXVariantGroup section */

/* Begin XCBuildConfiguration section */
		E2DB3A931BFC18420014C757 /* Debug */ = {
			isa = XCBuildConfiguration;
			buildSettings = {
				ALWAYS_SEARCH_USER_PATHS = NO;
				CLANG_CXX_LANGUAGE_STANDARD = "gnu++0x";
				CLANG_CXX_LIBRARY = "libc++";
				CLANG_ENABLE_MODULES = YES;
				CLANG_ENABLE_OBJC_ARC = YES;
				CLANG_WARN_BOOL_CONVERSION = YES;
				CLANG_WARN_CONSTANT_CONVERSION = YES;
				CLANG_WARN_DIRECT_OBJC_ISA_USAGE = YES_ERROR;
				CLANG_WARN_EMPTY_BODY = YES;
				CLANG_WARN_ENUM_CONVERSION = YES;
				CLANG_WARN_INT_CONVERSION = YES;
				CLANG_WARN_OBJC_ROOT_CLASS = YES_ERROR;
				CLANG_WARN_UNREACHABLE_CODE = YES;
				CLANG_WARN__DUPLICATE_METHOD_MATCH = YES;
				CODE_SIGN_IDENTITY = "-";
				COPY_PHASE_STRIP = NO;
				DEBUG_INFORMATION_FORMAT = dwarf;
				ENABLE_STRICT_OBJC_MSGSEND = YES;
				ENABLE_TESTABILITY = YES;
				GCC_C_LANGUAGE_STANDARD = gnu99;
				GCC_DYNAMIC_NO_PIC = NO;
				GCC_NO_COMMON_BLOCKS = YES;
				GCC_OPTIMIZATION_LEVEL = 0;
				GCC_PREPROCESSOR_DEFINITIONS = (
					"DEBUG=1",
					"$(inherited)",
				);
				GCC_WARN_64_TO_32_BIT_CONVERSION = YES;
				GCC_WARN_ABOUT_RETURN_TYPE = YES_ERROR;
				GCC_WARN_UNDECLARED_SELECTOR = YES;
				GCC_WARN_UNINITIALIZED_AUTOS = YES_AGGRESSIVE;
				GCC_WARN_UNUSED_FUNCTION = YES;
				GCC_WARN_UNUSED_VARIABLE = YES;
				MACOSX_DEPLOYMENT_TARGET = 10.10;
				MTL_ENABLE_DEBUG_INFO = YES;
				ONLY_ACTIVE_ARCH = YES;
				SDKROOT = macosx;
			};
			name = Debug;
		};
		E2DB3A941BFC18420014C757 /* Release */ = {
			isa = XCBuildConfiguration;
			buildSettings = {
				ALWAYS_SEARCH_USER_PATHS = NO;
				CLANG_CXX_LANGUAGE_STANDARD = "gnu++0x";
				CLANG_CXX_LIBRARY = "libc++";
				CLANG_ENABLE_MODULES = YES;
				CLANG_ENABLE_OBJC_ARC = YES;
				CLANG_WARN_BOOL_CONVERSION = YES;
				CLANG_WARN_CONSTANT_CONVERSION = YES;
				CLANG_WARN_DIRECT_OBJC_ISA_USAGE = YES_ERROR;
				CLANG_WARN_EMPTY_BODY = YES;
				CLANG_WARN_ENUM_CONVERSION = YES;
				CLANG_WARN_INT_CONVERSION = YES;
				CLANG_WARN_OBJC_ROOT_CLASS = YES_ERROR;
				CLANG_WARN_UNREACHABLE_CODE = YES;
				CLANG_WARN__DUPLICATE_METHOD_MATCH = YES;
				CODE_SIGN_IDENTITY = "-";
				COPY_PHASE_STRIP = NO;
				DEBUG_INFORMATION_FORMAT = "dwarf-with-dsym";
				ENABLE_NS_ASSERTIONS = NO;
				ENABLE_STRICT_OBJC_MSGSEND = YES;
				GCC_C_LANGUAGE_STANDARD = gnu99;
				GCC_NO_COMMON_BLOCKS = YES;
				GCC_WARN_64_TO_32_BIT_CONVERSION = YES;
				GCC_WARN_ABOUT_RETURN_TYPE = YES_ERROR;
				GCC_WARN_UNDECLARED_SELECTOR = YES;
				GCC_WARN_UNINITIALIZED_AUTOS = YES_AGGRESSIVE;
				GCC_WARN_UNUSED_FUNCTION = YES;
				GCC_WARN_UNUSED_VARIABLE = YES;
				MACOSX_DEPLOYMENT_TARGET = 10.10;
				MTL_ENABLE_DEBUG_INFO = NO;
				SDKROOT = macosx;
			};
			name = Release;
		};
		E2DB3A961BFC18420014C757 /* Debug */ = {
			isa = XCBuildConfiguration;
			buildSettings = {
				ASSETCATALOG_COMPILER_APPICON_NAME = AppIcon;
				COMBINE_HIDPI_IMAGES = YES;
				INFOPLIST_FILE = PPDesignMode/Info.plist;
				LD_RUNPATH_SEARCH_PATHS = "$(inherited) @executable_path/../Frameworks";
				PRODUCT_BUNDLE_IDENTIFIER = cc.PPDesignMode;
				PRODUCT_NAME = "$(TARGET_NAME)";
			};
			name = Debug;
		};
		E2DB3A971BFC18420014C757 /* Release */ = {
			isa = XCBuildConfiguration;
			buildSettings = {
				ASSETCATALOG_COMPILER_APPICON_NAME = AppIcon;
				COMBINE_HIDPI_IMAGES = YES;
				INFOPLIST_FILE = PPDesignMode/Info.plist;
				LD_RUNPATH_SEARCH_PATHS = "$(inherited) @executable_path/../Frameworks";
				PRODUCT_BUNDLE_IDENTIFIER = cc.PPDesignMode;
				PRODUCT_NAME = "$(TARGET_NAME)";
			};
			name = Release;
		};
		E2DB3A991BFC18420014C757 /* Debug */ = {
			isa = XCBuildConfiguration;
			buildSettings = {
				BUNDLE_LOADER = "$(TEST_HOST)";
				COMBINE_HIDPI_IMAGES = YES;
				INFOPLIST_FILE = PPDesignModeTests/Info.plist;
				LD_RUNPATH_SEARCH_PATHS = "$(inherited) @executable_path/../Frameworks @loader_path/../Frameworks";
				PRODUCT_BUNDLE_IDENTIFIER = cc.PPDesignModeTests;
				PRODUCT_NAME = "$(TARGET_NAME)";
				TEST_HOST = "$(BUILT_PRODUCTS_DIR)/PPDesignMode.app/Contents/MacOS/PPDesignMode";
			};
			name = Debug;
		};
		E2DB3A9A1BFC18420014C757 /* Release */ = {
			isa = XCBuildConfiguration;
			buildSettings = {
				BUNDLE_LOADER = "$(TEST_HOST)";
				COMBINE_HIDPI_IMAGES = YES;
				INFOPLIST_FILE = PPDesignModeTests/Info.plist;
				LD_RUNPATH_SEARCH_PATHS = "$(inherited) @executable_path/../Frameworks @loader_path/../Frameworks";
				PRODUCT_BUNDLE_IDENTIFIER = cc.PPDesignModeTests;
				PRODUCT_NAME = "$(TARGET_NAME)";
				TEST_HOST = "$(BUILT_PRODUCTS_DIR)/PPDesignMode.app/Contents/MacOS/PPDesignMode";
			};
			name = Release;
		};
		E2DB3A9C1BFC18420014C757 /* Debug */ = {
			isa = XCBuildConfiguration;
			buildSettings = {
				COMBINE_HIDPI_IMAGES = YES;
				INFOPLIST_FILE = PPDesignModeUITests/Info.plist;
				LD_RUNPATH_SEARCH_PATHS = "$(inherited) @executable_path/../Frameworks @loader_path/../Frameworks";
				PRODUCT_BUNDLE_IDENTIFIER = cc.PPDesignModeUITests;
				PRODUCT_NAME = "$(TARGET_NAME)";
				TEST_TARGET_NAME = PPDesignMode;
				USES_XCTRUNNER = YES;
			};
			name = Debug;
		};
		E2DB3A9D1BFC18420014C757 /* Release */ = {
			isa = XCBuildConfiguration;
			buildSettings = {
				COMBINE_HIDPI_IMAGES = YES;
				INFOPLIST_FILE = PPDesignModeUITests/Info.plist;
				LD_RUNPATH_SEARCH_PATHS = "$(inherited) @executable_path/../Frameworks @loader_path/../Frameworks";
				PRODUCT_BUNDLE_IDENTIFIER = cc.PPDesignModeUITests;
				PRODUCT_NAME = "$(TARGET_NAME)";
				TEST_TARGET_NAME = PPDesignMode;
				USES_XCTRUNNER = YES;
			};
			name = Release;
		};
/* End XCBuildConfiguration section */

/* Begin XCConfigurationList section */
		E2DB3A691BFC18410014C757 /* Build configuration list for PBXProject "PPDesignMode" */ = {
			isa = XCConfigurationList;
			buildConfigurations = (
				E2DB3A931BFC18420014C757 /* Debug */,
				E2DB3A941BFC18420014C757 /* Release */,
			);
			defaultConfigurationIsVisible = 0;
			defaultConfigurationName = Release;
		};
		E2DB3A951BFC18420014C757 /* Build configuration list for PBXNativeTarget "PPDesignMode" */ = {
			isa = XCConfigurationList;
			buildConfigurations = (
				E2DB3A961BFC18420014C757 /* Debug */,
				E2DB3A971BFC18420014C757 /* Release */,
			);
			defaultConfigurationIsVisible = 0;
			defaultConfigurationName = Release;
		};
		E2DB3A981BFC18420014C757 /* Build configuration list for PBXNativeTarget "PPDesignModeTests" */ = {
			isa = XCConfigurationList;
			buildConfigurations = (
				E2DB3A991BFC18420014C757 /* Debug */,
				E2DB3A9A1BFC18420014C757 /* Release */,
			);
			defaultConfigurationIsVisible = 0;
			defaultConfigurationName = Release;
		};
		E2DB3A9B1BFC18420014C757 /* Build configuration list for PBXNativeTarget "PPDesignModeUITests" */ = {
			isa = XCConfigurationList;
			buildConfigurations = (
				E2DB3A9C1BFC18420014C757 /* Debug */,
				E2DB3A9D1BFC18420014C757 /* Release */,
			);
			defaultConfigurationIsVisible = 0;
			defaultConfigurationName = Release;
		};
/* End XCConfigurationList section */
	};
	rootObject = E2DB3A661BFC18410014C757 /* Project object */;
}
