// !$*UTF8*$!
{
	archiveVersion = 1;
	classes = {
	};
	objectVersion = 46;
	objects = {

/* Begin PBXBuildFile section */
		E279F4111C02ED89004A20AD /* OperationFactory.m in Sources */ = {isa = PBXBuildFile; fileRef = E279F4101C02ED89004A20AD /* OperationFactory.m */; };
		E279F4181C02FBF4004A20AD /* CashSuper.m in Sources */ = {isa = PBXBuildFile; fileRef = E279F4171C02FBF4004A20AD /* CashSuper.m */; };
		E279F41B1C02FC16004A20AD /* CashNormal.m in Sources */ = {isa = PBXBuildFile; fileRef = E279F41A1C02FC16004A20AD /* CashNormal.m */; };
		E279F41E1C02FC36004A20AD /* CashRebate.m in Sources */ = {isa = PBXBuildFile; fileRef = E279F41D1C02FC36004A20AD /* CashRebate.m */; };
		E279F4211C02FC4C004A20AD /* CashReturn.m in Sources */ = {isa = PBXBuildFile; fileRef = E279F4201C02FC4C004A20AD /* CashReturn.m */; };
		E279F4241C030032004A20AD /* CashFactory.m in Sources */ = {isa = PBXBuildFile; fileRef = E279F4231C030032004A20AD /* CashFactory.m */; };
		E279F4271C030B97004A20AD /* CashContext.m in Sources */ = {isa = PBXBuildFile; fileRef = E279F4261C030B97004A20AD /* CashContext.m */; };
		E2DB3A731BFC18410014C757 /* AppDelegate.m in Sources */ = {isa = PBXBuildFile; fileRef = E2DB3A721BFC18410014C757 /* AppDelegate.m */; };
		E2DB3A761BFC18410014C757 /* main.m in Sources */ = {isa = PBXBuildFile; fileRef = E2DB3A751BFC18410014C757 /* main.m */; };
		E2DB3A781BFC18410014C757 /* Assets.xcassets in Resources */ = {isa = PBXBuildFile; fileRef = E2DB3A771BFC18410014C757 /* Assets.xcassets */; };
		E2DB3A7B1BFC18410014C757 /* MainMenu.xib in Resources */ = {isa = PBXBuildFile; fileRef = E2DB3A791BFC18410014C757 /* MainMenu.xib */; };
		E2DB3A861BFC18420014C757 /* PPDesignModeTests.m in Sources */ = {isa = PBXBuildFile; fileRef = E2DB3A851BFC18420014C757 /* PPDesignModeTests.m */; };
		E2DB3A911BFC18420014C757 /* PPDesignModeUITests.m in Sources */ = {isa = PBXBuildFile; fileRef = E2DB3A901BFC18420014C757 /* PPDesignModeUITests.m */; };
		E2DB3AA21BFC18820014C757 /* PPOperation.m in Sources */ = {isa = PBXBuildFile; fileRef = E2DB3AA11BFC18820014C757 /* PPOperation.m */; };
		E2DB3AA51BFC18930014C757 /* Operation.m in Sources */ = {isa = PBXBuildFile; fileRef = E2DB3AA41BFC18930014C757 /* Operation.m */; };
		E2DB3AA81BFC1E4A0014C757 /* OperationAdd.m in Sources */ = {isa = PBXBuildFile; fileRef = E2DB3AA71BFC1E4A0014C757 /* OperationAdd.m */; };
		E2DB3AAB1BFC1E5C0014C757 /* OperationSub.m in Sources */ = {isa = PBXBuildFile; fileRef = E2DB3AAA1BFC1E5C0014C757 /* OperationSub.m */; };
		E2DB3AAE1BFC1E710014C757 /* OperationMul.m in Sources */ = {isa = PBXBuildFile; fileRef = E2DB3AAD1BFC1E710014C757 /* OperationMul.m */; };
		E2DB3AB11BFC1E940014C757 /* OperationDiv.m in Sources */ = {isa = PBXBuildFile; fileRef = E2DB3AB01BFC1E940014C757 /* OperationDiv.m */; };
/* End PBXBuildFile section */

/* Begin PBXContainerItemProxy section */
		E2DB3A821BFC18420014C757 /* PBXContainerItemProxy */ = {
			isa = PBXContainerItemProxy;
			containerPortal = E2DB3A661BFC18410014C757 /* Project object */;
			proxyType = 1;
			remoteGlobalIDString = E2DB3A6D1BFC18410014C757;
			remoteInfo = PPDesignMode;
		};
		E2DB3A8D1BFC18420014C757 /* PBXContainerItemProxy */ = {
			isa = PBXContainerItemProxy;
			containerPortal = E2DB3A661BFC18410014C757 /* Project object */;
			proxyType = 1;
			remoteGlobalIDString = E2DB3A6D1BFC18410014C757;
			remoteInfo = PPDesignMode;
		};
/* End PBXContainerItemProxy section */

/* Begin PBXFileReference section */
		E279F40F1C02ED89004A20AD /* OperationFactory.h */ = {isa = PBXFileReference; fileEncoding = 4; lastKnownFileType = sourcecode.c.h; path = OperationFactory.h; sourceTree = "<group>"; };
		E279F4101C02ED89004A20AD /* OperationFactory.m */ = {isa = PBXFileReference; fileEncoding = 4; lastKnownFileType = sourcecode.c.objc; path = OperationFactory.m; sourceTree = "<group>"; };
		E279F4161C02FBF4004A20AD /* CashSuper.h */ = {isa = PBXFileReference; fileEncoding = 4; lastKnownFileType = sourcecode.c.h; path = CashSuper.h; sourceTree = "<group>"; };
		E279F4171C02FBF4004A20AD /* CashSuper.m */ = {isa = PBXFileReference; fileEncoding = 4; lastKnownFileType = sourcecode.c.objc; path = CashSuper.m; sourceTree = "<group>"; };
		E279F4191C02FC16004A20AD /* CashNormal.h */ = {isa = PBXFileReference; fileEncoding = 4; lastKnownFileType = sourcecode.c.h; path = CashNormal.h; sourceTree = "<group>"; };
		E279F41A1C02FC16004A20AD /* CashNormal.m */ = {isa = PBXFileReference; fileEncoding = 4; lastKnownFileType = sourcecode.c.objc; path = CashNormal.m; sourceTree = "<group>"; };
		E279F41C1C02FC36004A20AD /* CashRebate.h */ = {isa = PBXFileReference; fileEncoding = 4; lastKnownFileType = sourcecode.c.h; path = CashRebate.h; sourceTree = "<group>"; };
		E279F41D1C02FC36004A20AD /* CashRebate.m */ = {isa = PBXFileReference; fileEncoding = 4; lastKnownFileType = sourcecode.c.objc; path = CashRebate.m; sourceTree = "<group>"; };
		E279F41F1C02FC4C004A20AD /* CashReturn.h */ = {isa = PBXFileReference; fileEncoding = 4; lastKnownFileType = sourcecode.c.h; path = CashReturn.h; sourceTree = "<group>"; };
		E279F4201C02FC4C004A20AD /* CashReturn.m */ = {isa = PBXFileReference; fileEncoding = 4; lastKnownFileType = sourcecode.c.objc; path = CashReturn.m; sourceTree = "<group>"; };
		E279F4221C030032004A20AD /* CashFactory.h */ = {isa = PBXFileReference; fileEncoding = 4; lastKnownFileType = sourcecode.c.h; path = CashFactory.h; sourceTree = "<group>"; };
		E279F4231C030032004A20AD /* CashFactory.m */ = {isa = PBXFileReference; fileEncoding = 4; lastKnownFileType = sourcecode.c.objc; path = CashFactory.m; sourceTree = "<group>"; };
		E279F4251C030B97004A20AD /* CashContext.h */ = {isa = PBXFileReference; fileEncoding = 4; lastKnownFileType = sourcecode.c.h; path = CashContext.h; sourceTree = "<group>"; };
		E279F4261C030B97004A20AD /* CashContext.m */ = {isa = PBXFileReference; fileEncoding = 4; lastKnownFileType = sourcecode.c.objc; path = CashContext.m; sourceTree = "<group>"; };
		E2DB3A6E1BFC18410014C757 /* PPDesignMode.app */ = {isa = PBXFileReference; explicitFileType = wrapper.application; includeInIndex = 0; path = PPDesignMode.app; sourceTree = BUILT_PRODUCTS_DIR; };
		E2DB3A711BFC18410014C757 /* AppDelegate.h */ = {isa = PBXFileReference; lastKnownFileType = sourcecode.c.h; path = AppDelegate.h; sourceTree = "<group>"; };
		E2DB3A721BFC18410014C757 /* AppDelegate.m */ = {isa = PBXFileReference; lastKnownFileType = sourcecode.c.objc; path = AppDelegate.m; sourceTree = "<group>"; };
		E2DB3A751BFC18410014C757 /* main.m */ = {isa = PBXFileReference; lastKnownFileType = sourcecode.c.objc; path = main.m; sourceTree = "<group>"; };
		E2DB3A771BFC18410014C757 /* Assets.xcassets */ = {isa = PBXFileReference; lastKnownFileType = folder.assetcatalog; path = Assets.xcassets; sourceTree = "<group>"; };
		E2DB3A7A1BFC18410014C757 /* Base */ = {isa = PBXFileReference; lastKnownFileType = file.xib; name = Base; path = Base.lproj/MainMenu.xib; sourceTree = "<group>"; };
		E2DB3A7C1BFC18410014C757 /* Info.plist */ = {isa = PBXFileReference; lastKnownFileType = text.plist.xml; path = Info.plist; sourceTree = "<group>"; };
		E2DB3A811BFC18420014C757 /* PPDesignModeTests.xctest */ = {isa = PBXFileReference; explicitFileType = wrapper.cfbundle; includeInIndex = 0; path = PPDesignModeTests.xctest; sourceTree = BUILT_PRODUCTS_DIR; };
		E2DB3A851BFC18420014C757 /* PPDesignModeTests.m */ = {isa = PBXFileReference; lastKnownFileType = sourcecode.c.objc; path = PPDesignModeTests.m; sourceTree = "<group>"; };
		E2DB3A871BFC18420014C757 /* Info.plist */ = {isa = PBXFileReference; lastKnownFileType = text.plist.xml; path = Info.plist; sourceTree = "<group>"; };
		E2DB3A8C1BFC18420014C757 /* PPDesignModeUITests.xctest */ = {isa = PBXFileReference; explicitFileType = wrapper.cfbundle; includeInIndex = 0; path = PPDesignModeUITests.xctest; sourceTree = BUILT_PRODUCTS_DIR; };
		E2DB3A901BFC18420014C757 /* PPDesignModeUITests.m */ = {isa = PBXFileReference; lastKnownFileType = sourcecode.c.objc; path = PPDesignModeUITests.m; sourceTree = "<group>"; };
		E2DB3A921BFC18420014C757 /* Info.plist */ = {isa = PBXFileReference; lastKnownFileType = text.plist.xml; path = Info.plist; sourceTree = "<group>"; };
		E2DB3AA01BFC18820014C757 /* PPOperation.h */ = {isa = PBXFileReference; fileEncoding = 4; lastKnownFileType = sourcecode.c.h; path = PPOperation.h; sourceTree = "<group>"; };
		E2DB3AA11BFC18820014C757 /* PPOperation.m */ = {isa = PBXFileReference; fileEncoding = 4; lastKnownFileType = sourcecode.c.objc; path = PPOperation.m; sourceTree = "<group>"; };
		E2DB3AA31BFC18930014C757 /* Operation.h */ = {isa = PBXFileReference; fileEncoding = 4; lastKnownFileType = sourcecode.c.h; path = Operation.h; sourceTree = "<group>"; };
		E2DB3AA41BFC18930014C757 /* Operation.m */ = {isa = PBXFileReference; fileEncoding = 4; lastKnownFileType = sourcecode.c.objc; path = Operation.m; sourceTree = "<group>"; };
		E2DB3AA61BFC1E4A0014C757 /* OperationAdd.h */ = {isa = PBXFileReference; fileEncoding = 4; lastKnownFileType = sourcecode.c.h; path = OperationAdd.h; sourceTree = "<group>"; };
		E2DB3AA71BFC1E4A0014C757 /* OperationAdd.m */ = {isa = PBXFileReference; fileEncoding = 4; lastKnownFileType = sourcecode.c.objc; path = OperationAdd.m; sourceTree = "<group>"; };
		E2DB3AA91BFC1E5C0014C757 /* OperationSub.h */ = {isa = PBXFileReference; fileEncoding = 4; lastKnownFileType = sourcecode.c.h; path = OperationSub.h; sourceTree = "<group>"; };
		E2DB3AAA1BFC1E5C0014C757 /* OperationSub.m */ = {isa = PBXFileReference; fileEncoding = 4; lastKnownFileType = sourcecode.c.objc; path = OperationSub.m; sourceTree = "<group>"; };
		E2DB3AAC1BFC1E710014C757 /* OperationMul.h */ = {isa = PBXFileReference; fileEncoding = 4; lastKnownFileType = sourcecode.c.h; path = OperationMul.h; sourceTree = "<group>"; };
		E2DB3AAD1BFC1E710014C757 /* OperationMul.m */ = {isa = PBXFileReference; fileEncoding = 4; lastKnownFileType = sourcecode.c.objc; path = OperationMul.m; sourceTree = "<group>"; };
		E2DB3AAF1BFC1E940014C757 /* OperationDiv.h */ = {isa = PBXFileReference; fileEncoding = 4; lastKnownFileType = sourcecode.c.h; path = OperationDiv.h; sourceTree = "<group>"; };
		E2DB3AB01BFC1E940014C757 /* OperationDiv.m */ = {isa = PBXFileReference; fileEncoding = 4; lastKnownFileType = sourcecode.c.objc; path = OperationDiv.m; sourceTree = "<group>"; };
/* End PBXFileReference section */

/* Begin PBXFrameworksBuildPhase section */
		E2DB3A6B1BFC18410014C757 /* Frameworks */ = {
			isa = PBXFrameworksBuildPhase;
			buildActionMask = 2147483647;
			files = (
			);
			runOnlyForDeploymentPostprocessing = 0;
		};
		E2DB3A7E1BFC18420014C757 /* Frameworks */ = {
			isa = PBXFrameworksBuildPhase;
			buildActionMask = 2147483647;
			files = (
			);
			runOnlyForDeploymentPostprocessing = 0;
		};
		E2DB3A891BFC18420014C757 /* Frameworks */ = {
			isa = PBXFrameworksBuildPhase;
			buildActionMask = 2147483647;
			files = (
			);
			runOnlyForDeploymentPostprocessing = 0;
		};
/* End PBXFrameworksBuildPhase section */

/* Begin PBXGroup section */
		E279F4121C02F74B004A20AD /* FactoryPattern(简单工厂模式) */ = {
			isa = PBXGroup;
			children = (
				E2DB3A9F1BFC185F0014C757 /* second method */,
				E2DB3A9E1BFC18530014C757 /* first method */,
			);
			name = "FactoryPattern(简单工厂模式)";
			sourceTree = "<group>";
		};
		E279F4131C02F79E004A20AD /* StrategyPattern(策略模式+工厂模式) */ = {
			isa = PBXGroup;
			children = (
				E279F4151C02FBD4004A20AD /* second method */,
				E279F4141C02F8B8004A20AD /* first method */,
			);
			name = "StrategyPattern(策略模式+工厂模式)";
			sourceTree = "<group>";
		};
		E279F4141C02F8B8004A20AD /* first method */ = {
			isa = PBXGroup;
			children = (
			);
			name = "first method";
			sourceTree = "<group>";
		};
		E279F4151C02FBD4004A20AD /* second method */ = {
			isa = PBXGroup;
			children = (
				E279F4161C02FBF4004A20AD /* CashSuper.h */,
				E279F4171C02FBF4004A20AD /* CashSuper.m */,
				E279F4191C02FC16004A20AD /* CashNormal.h */,
				E279F41A1C02FC16004A20AD /* CashNormal.m */,
				E279F41C1C02FC36004A20AD /* CashRebate.h */,
				E279F41D1C02FC36004A20AD /* CashRebate.m */,
				E279F41F1C02FC4C004A20AD /* CashReturn.h */,
				E279F4201C02FC4C004A20AD /* CashReturn.m */,
				E279F4221C030032004A20AD /* CashFactory.h */,
				E279F4231C030032004A20AD /* CashFactory.m */,
				E279F4251C030B97004A20AD /* CashContext.h */,
				E279F4261C030B97004A20AD /* CashContext.m */,
			);
			name = "second method";
			sourceTree = "<group>";
		};
		E2DB3A651BFC18410014C757 = {
			isa = PBXGroup;
			children = (
				E2DB3A701BFC18410014C757 /* PPDesignMode */,
				E2DB3A841BFC18420014C757 /* PPDesignModeTests */,
				E2DB3A8F1BFC18420014C757 /* PPDesignModeUITests */,
				E2DB3A6F1BFC18410014C757 /* Products */,
			);
			sourceTree = "<group>";
		};
		E2DB3A6F1BFC18410014C757 /* Products */ = {
			isa = PBXGroup;
			children = (
				E2DB3A6E1BFC18410014C757 /* PPDesignMode.app */,
				E2DB3A811BFC18420014C757 /* PPDesignModeTests.xctest */,
				E2DB3A8C1BFC18420014C757 /* PPDesignModeUITests.xctest */,
			);
			name = Products;
			sourceTree = "<group>";
		};
		E2DB3A701BFC18410014C757 /* PPDesignMode */ = {
			isa = PBXGroup;
			children = (
				E279F4131C02F79E004A20AD /* StrategyPattern(策略模式+工厂模式) */,
				E279F4121C02F74B004A20AD /* FactoryPattern(简单工厂模式) */,
				E2DB3A711BFC18410014C757 /* AppDelegate.h */,
				E2DB3A721BFC18410014C757 /* AppDelegate.m */,
				E2DB3A771BFC18410014C757 /* Assets.xcassets */,
				E2DB3A791BFC18410014C757 /* MainMenu.xib */,
				E2DB3A7C1BFC18410014C757 /* Info.plist */,
				E2DB3A741BFC18410014C757 /* Supporting Files */,
			);
			path = PPDesignMode;
			sourceTree = "<group>";
		};
		E2DB3A741BFC18410014C757 /* Supporting Files */ = {
			isa = PBXGroup;
			children = (
				E2DB3A751BFC18410014C757 /* main.m */,
			);
			name = "Supporting Files";
			sourceTree = "<group>";
		};
		E2DB3A841BFC18420014C757 /* PPDesignModeTests */ = {
			isa = PBXGroup;
			children = (
				E2DB3A851BFC18420014C757 /* PPDesignModeTests.m */,
				E2DB3A871BFC18420014C757 /* Info.plist */,
			);
			path = PPDesignModeTests;
			sourceTree = "<group>";
		};
		E2DB3A8F1BFC18420014C757 /* PPDesignModeUITests */ = {
			isa = PBXGroup;
			children = (
				E2DB3A901BFC18420014C757 /* PPDesignModeUITests.m */,
				E2DB3A921BFC18420014C757 /* Info.plist */,
			);
			path = PPDesignModeUITests;
			sourceTree = "<group>";
		};
		E2DB3A9E1BFC18530014C757 /* first method */ = {
			isa = PBXGroup;
			children = (
				E2DB3AA01BFC18820014C757 /* PPOperation.h */,
				E2DB3AA11BFC18820014C757 /* PPOperation.m */,
			);
			name = "first method";
			sourceTree = "<group>";
		};
		E2DB3A9F1BFC185F0014C757 /* second method */ = {
			isa = PBXGroup;
			children = (
				E2DB3AA31BFC18930014C757 /* Operation.h */,
				E2DB3AA41BFC18930014C757 /* Operation.m */,
				E2DB3AA61BFC1E4A0014C757 /* OperationAdd.h */,
				E2DB3AA71BFC1E4A0014C757 /* OperationAdd.m */,
				E2DB3AA91BFC1E5C0014C757 /* OperationSub.h */,
				E2DB3AAA1BFC1E5C0014C757 /* OperationSub.m */,
				E2DB3AAC1BFC1E710014C757 /* OperationMul.h */,
				E2DB3AAD1BFC1E710014C757 /* OperationMul.m */,
				E2DB3AAF1BFC1E940014C757 /* OperationDiv.h */,
				E2DB3AB01BFC1E940014C757 /* OperationDiv.m */,
				E279F40F1C02ED89004A20AD /* OperationFactory.h */,
				E279F4101C02ED89004A20AD /* OperationFactory.m */,
			);
			name = "second method";
			sourceTree = "<group>";
		};
/* End PBXGroup section */

/* Begin PBXNativeTarget section */
		E2DB3A6D1BFC18410014C757 /* PPDesignMode */ = {
			isa = PBXNativeTarget;
			buildConfigurationList = E2DB3A951BFC18420014C757 /* Build configuration list for PBXNativeTarget "PPDesignMode" */;
			buildPhases = (
				E2DB3A6A1BFC18410014C757 /* Sources */,
				E2DB3A6B1BFC18410014C757 /* Frameworks */,
				E2DB3A6C1BFC18410014C757 /* Resources */,
			);
			buildRules = (
			);
			dependencies = (
			);
			name = PPDesignMode;
			productName = PPDesignMode;
			productReference = E2DB3A6E1BFC18410014C757 /* PPDesignMode.app */;
			productType = "com.apple.product-type.application";
		};
		E2DB3A801BFC18420014C757 /* PPDesignModeTests */ = {
			isa = PBXNativeTarget;
			buildConfigurationList = E2DB3A981BFC18420014C757 /* Build configuration list for PBXNativeTarget "PPDesignModeTests" */;
			buildPhases = (
				E2DB3A7D1BFC18420014C757 /* Sources */,
				E2DB3A7E1BFC18420014C757 /* Frameworks */,
				E2DB3A7F1BFC18420014C757 /* Resources */,
			);
			buildRules = (
			);
			dependencies = (
				E2DB3A831BFC18420014C757 /* PBXTargetDependency */,
			);
			name = PPDesignModeTests;
			productName = PPDesignModeTests;
			productReference = E2DB3A811BFC18420014C757 /* PPDesignModeTests.xctest */;
			productType = "com.apple.product-type.bundle.unit-test";
		};
		E2DB3A8B1BFC18420014C757 /* PPDesignModeUITests */ = {
			isa = PBXNativeTarget;
			buildConfigurationList = E2DB3A9B1BFC18420014C757 /* Build configuration list for PBXNativeTarget "PPDesignModeUITests" */;
			buildPhases = (
				E2DB3A881BFC18420014C757 /* Sources */,
				E2DB3A891BFC18420014C757 /* Frameworks */,
				E2DB3A8A1BFC18420014C757 /* Resources */,
			);
			buildRules = (
			);
			dependencies = (
				E2DB3A8E1BFC18420014C757 /* PBXTargetDependency */,
			);
			name = PPDesignModeUITests;
			productName = PPDesignModeUITests;
			productReference = E2DB3A8C1BFC18420014C757 /* PPDesignModeUITests.xctest */;
			productType = "com.apple.product-type.bundle.ui-testing";
		};
/* End PBXNativeTarget section */

/* Begin PBXProject section */
		E2DB3A661BFC18410014C757 /* Project object */ = {
			isa = PBXProject;
			attributes = {
				LastUpgradeCheck = 0710;
				ORGANIZATIONNAME = test;
				TargetAttributes = {
					E2DB3A6D1BFC18410014C757 = {
						CreatedOnToolsVersion = 7.1.1;
					};
					E2DB3A801BFC18420014C757 = {
						CreatedOnToolsVersion = 7.1.1;
						TestTargetID = E2DB3A6D1BFC18410014C757;
					};
					E2DB3A8B1BFC18420014C757 = {
						CreatedOnToolsVersion = 7.1.1;
						TestTargetID = E2DB3A6D1BFC18410014C757;
					};
				};
			};
			buildConfigurationList = E2DB3A691BFC18410014C757 /* Build configuration list for PBXProject "PPDesignMode" */;
			compatibilityVersion = "Xcode 3.2";
			developmentRegion = English;
			hasScannedForEncodings = 0;
			knownRegions = (
				en,
				Base,
			);
			mainGroup = E2DB3A651BFC18410014C757;
			productRefGroup = E2DB3A6F1BFC18410014C757 /* Products */;
			projectDirPath = "";
			projectRoot = "";
			targets = (
				E2DB3A6D1BFC18410014C757 /* PPDesignMode */,
				E2DB3A801BFC18420014C757 /* PPDesignModeTests */,
				E2DB3A8B1BFC18420014C757 /* PPDesignModeUITests */,
			);
		};
/* End PBXProject section */

/* Begin PBXResourcesBuildPhase section */
		E2DB3A6C1BFC18410014C757 /* Resources */ = {
			isa = PBXResourcesBuildPhase;
			buildActionMask = 2147483647;
			files = (
				E2DB3A781BFC18410014C757 /* Assets.xcassets in Resources */,
				E2DB3A7B1BFC18410014C757 /* MainMenu.xib in Resources */,
			);
			runOnlyForDeploymentPostprocessing = 0;
		};
		E2DB3A7F1BFC18420014C757 /* Resources */ = {
			isa = PBXResourcesBuildPhase;
			buildActionMask = 2147483647;
			files = (
			);
			runOnlyForDeploymentPostprocessing = 0;
		};
		E2DB3A8A1BFC18420014C757 /* Resources */ = {
			isa = PBXResourcesBuildPhase;
			buildActionMask = 2147483647;
			files = (
			);
			runOnlyForDeploymentPostprocessing = 0;
		};
/* End PBXResourcesBuildPhase section */

/* Begin PBXSourcesBuildPhase section */
		E2DB3A6A1BFC18410014C757 /* Sources */ = {
			isa = PBXSourcesBuildPhase;
			buildActionMask = 2147483647;
			files = (
				E279F4271C030B97004A20AD /* CashContext.m in Sources */,
				E2DB3AAE1BFC1E710014C757 /* OperationMul.m in Sources */,
				E279F4241C030032004A20AD /* CashFactory.m in Sources */,
				E279F41E1C02FC36004A20AD /* CashRebate.m in Sources */,
				E2DB3AAB1BFC1E5C0014C757 /* OperationSub.m in Sources */,
				E2DB3A761BFC18410014C757 /* main.m in Sources */,
				E279F41B1C02FC16004A20AD /* CashNormal.m in Sources */,
				E2DB3A731BFC18410014C757 /* AppDelegate.m in Sources */,
				E2DB3AA21BFC18820014C757 /* PPOperation.m in Sources */,
				E279F4211C02FC4C004A20AD /* CashReturn.m in Sources */,
				E279F4111C02ED89004A20AD /* OperationFactory.m in Sources */,
				E2DB3AB11BFC1E940014C757 /* OperationDiv.m in Sources */,
				E2DB3AA51BFC18930014C757 /* Operation.m in Sources */,
				E279F4181C02FBF4004A20AD /* CashSuper.m in Sources */,
				E2DB3AA81BFC1E4A0014C757 /* OperationAdd.m in Sources */,
			);
			runOnlyForDeploymentPostprocessing = 0;
		};
		E2DB3A7D1BFC18420014C757 /* Sources */ = {
			isa = PBXSourcesBuildPhase;
			buildActionMask = 2147483647;
			files = (
				E2DB3A861BFC18420014C757 /* PPDesignModeTests.m in Sources */,
			);
			runOnlyForDeploymentPostprocessing = 0;
		};
		E2DB3A881BFC18420014C757 /* Sources */ = {
			isa = PBXSourcesBuildPhase;
			buildActionMask = 2147483647;
			files = (
				E2DB3A911BFC18420014C757 /* PPDesignModeUITests.m in Sources */,
			);
			runOnlyForDeploymentPostprocessing = 0;
		};
/* End PBXSourcesBuildPhase section */

/* Begin PBXTargetDependency section */
		E2DB3A831BFC18420014C757 /* PBXTargetDependency */ = {
			isa = PBXTargetDependency;
			target = E2DB3A6D1BFC18410014C757 /* PPDesignMode */;
			targetProxy = E2DB3A821BFC18420014C757 /* PBXContainerItemProxy */;
		};
		E2DB3A8E1BFC18420014C757 /* PBXTargetDependency */ = {
			isa = PBXTargetDependency;
			target = E2DB3A6D1BFC18410014C757 /* PPDesignMode */;
			targetProxy = E2DB3A8D1BFC18420014C757 /* PBXContainerItemProxy */;
		};
/* End PBXTargetDependency section */

/* Begin PBXVariantGroup section */
		E2DB3A791BFC18410014C757 /* MainMenu.xib */ = {
			isa = PBXVariantGroup;
			children = (
				E2DB3A7A1BFC18410014C757 /* Base */,
			);
			name = MainMenu.xib;
			sourceTree = "<group>";
		};
/* End PBXVariantGroup section */

/* Begin XCBuildConfiguration section */
		E2DB3A931BFC18420014C757 /* Debug */ = {
			isa = XCBuildConfiguration;
			buildSettings = {
				ALWAYS_SEARCH_USER_PATHS = NO;
				CLANG_CXX_LANGUAGE_STANDARD = "gnu++0x";
				CLANG_CXX_LIBRARY = "libc++";
				CLANG_ENABLE_MODULES = YES;
				CLANG_ENABLE_OBJC_ARC = YES;
				CLANG_WARN_BOOL_CONVERSION = YES;
				CLANG_WARN_CONSTANT_CONVERSION = YES;
				CLANG_WARN_DIRECT_OBJC_ISA_USAGE = YES_ERROR;
				CLANG_WARN_EMPTY_BODY = YES;
				CLANG_WARN_ENUM_CONVERSION = YES;
				CLANG_WARN_INT_CONVERSION = YES;
				CLANG_WARN_OBJC_ROOT_CLASS = YES_ERROR;
				CLANG_WARN_UNREACHABLE_CODE = YES;
				CLANG_WARN__DUPLICATE_METHOD_MATCH = YES;
				CODE_SIGN_IDENTITY = "-";
				COPY_PHASE_STRIP = NO;
				DEBUG_INFORMATION_FORMAT = dwarf;
				ENABLE_STRICT_OBJC_MSGSEND = YES;
				ENABLE_TESTABILITY = YES;
				GCC_C_LANGUAGE_STANDARD = gnu99;
				GCC_DYNAMIC_NO_PIC = NO;
				GCC_NO_COMMON_BLOCKS = YES;
				GCC_OPTIMIZATION_LEVEL = 0;
				GCC_PREPROCESSOR_DEFINITIONS = (
					"DEBUG=1",
					"$(inherited)",
				);
				GCC_WARN_64_TO_32_BIT_CONVERSION = YES;
				GCC_WARN_ABOUT_RETURN_TYPE = YES_ERROR;
				GCC_WARN_UNDECLARED_SELECTOR = YES;
				GCC_WARN_UNINITIALIZED_AUTOS = YES_AGGRESSIVE;
				GCC_WARN_UNUSED_FUNCTION = YES;
				GCC_WARN_UNUSED_VARIABLE = YES;
				MACOSX_DEPLOYMENT_TARGET = 10.10;
				MTL_ENABLE_DEBUG_INFO = YES;
				ONLY_ACTIVE_ARCH = YES;
				SDKROOT = macosx;
			};
			name = Debug;
		};
		E2DB3A941BFC18420014C757 /* Release */ = {
			isa = XCBuildConfiguration;
			buildSettings = {
				ALWAYS_SEARCH_USER_PATHS = NO;
				CLANG_CXX_LANGUAGE_STANDARD = "gnu++0x";
				CLANG_CXX_LIBRARY = "libc++";
				CLANG_ENABLE_MODULES = YES;
				CLANG_ENABLE_OBJC_ARC = YES;
				CLANG_WARN_BOOL_CONVERSION = YES;
				CLANG_WARN_CONSTANT_CONVERSION = YES;
				CLANG_WARN_DIRECT_OBJC_ISA_USAGE = YES_ERROR;
				CLANG_WARN_EMPTY_BODY = YES;
				CLANG_WARN_ENUM_CONVERSION = YES;
				CLANG_WARN_INT_CONVERSION = YES;
				CLANG_WARN_OBJC_ROOT_CLASS = YES_ERROR;
				CLANG_WARN_UNREACHABLE_CODE = YES;
				CLANG_WARN__DUPLICATE_METHOD_MATCH = YES;
				CODE_SIGN_IDENTITY = "-";
				COPY_PHASE_STRIP = NO;
				DEBUG_INFORMATION_FORMAT = "dwarf-with-dsym";
				ENABLE_NS_ASSERTIONS = NO;
				ENABLE_STRICT_OBJC_MSGSEND = YES;
				GCC_C_LANGUAGE_STANDARD = gnu99;
				GCC_NO_COMMON_BLOCKS = YES;
				GCC_WARN_64_TO_32_BIT_CONVERSION = YES;
				GCC_WARN_ABOUT_RETURN_TYPE = YES_ERROR;
				GCC_WARN_UNDECLARED_SELECTOR = YES;
				GCC_WARN_UNINITIALIZED_AUTOS = YES_AGGRESSIVE;
				GCC_WARN_UNUSED_FUNCTION = YES;
				GCC_WARN_UNUSED_VARIABLE = YES;
				MACOSX_DEPLOYMENT_TARGET = 10.10;
				MTL_ENABLE_DEBUG_INFO = NO;
				SDKROOT = macosx;
			};
			name = Release;
		};
		E2DB3A961BFC18420014C757 /* Debug */ = {
			isa = XCBuildConfiguration;
			buildSettings = {
				ASSETCATALOG_COMPILER_APPICON_NAME = AppIcon;
				COMBINE_HIDPI_IMAGES = YES;
				INFOPLIST_FILE = PPDesignMode/Info.plist;
				LD_RUNPATH_SEARCH_PATHS = "$(inherited) @executable_path/../Frameworks";
				PRODUCT_BUNDLE_IDENTIFIER = cc.PPDesignMode;
				PRODUCT_NAME = "$(TARGET_NAME)";
			};
			name = Debug;
		};
		E2DB3A971BFC18420014C757 /* Release */ = {
			isa = XCBuildConfiguration;
			buildSettings = {
				ASSETCATALOG_COMPILER_APPICON_NAME = AppIcon;
				COMBINE_HIDPI_IMAGES = YES;
				INFOPLIST_FILE = PPDesignMode/Info.plist;
				LD_RUNPATH_SEARCH_PATHS = "$(inherited) @executable_path/../Frameworks";
				PRODUCT_BUNDLE_IDENTIFIER = cc.PPDesignMode;
				PRODUCT_NAME = "$(TARGET_NAME)";
			};
			name = Release;
		};
		E2DB3A991BFC18420014C757 /* Debug */ = {
			isa = XCBuildConfiguration;
			buildSettings = {
				BUNDLE_LOADER = "$(TEST_HOST)";
				COMBINE_HIDPI_IMAGES = YES;
				INFOPLIST_FILE = PPDesignModeTests/Info.plist;
				LD_RUNPATH_SEARCH_PATHS = "$(inherited) @executable_path/../Frameworks @loader_path/../Frameworks";
				PRODUCT_BUNDLE_IDENTIFIER = cc.PPDesignModeTests;
				PRODUCT_NAME = "$(TARGET_NAME)";
				TEST_HOST = "$(BUILT_PRODUCTS_DIR)/PPDesignMode.app/Contents/MacOS/PPDesignMode";
			};
			name = Debug;
		};
		E2DB3A9A1BFC18420014C757 /* Release */ = {
			isa = XCBuildConfiguration;
			buildSettings = {
				BUNDLE_LOADER = "$(TEST_HOST)";
				COMBINE_HIDPI_IMAGES = YES;
				INFOPLIST_FILE = PPDesignModeTests/Info.plist;
				LD_RUNPATH_SEARCH_PATHS = "$(inherited) @executable_path/../Frameworks @loader_path/../Frameworks";
				PRODUCT_BUNDLE_IDENTIFIER = cc.PPDesignModeTests;
				PRODUCT_NAME = "$(TARGET_NAME)";
				TEST_HOST = "$(BUILT_PRODUCTS_DIR)/PPDesignMode.app/Contents/MacOS/PPDesignMode";
			};
			name = Release;
		};
		E2DB3A9C1BFC18420014C757 /* Debug */ = {
			isa = XCBuildConfiguration;
			buildSettings = {
				COMBINE_HIDPI_IMAGES = YES;
				INFOPLIST_FILE = PPDesignModeUITests/Info.plist;
				LD_RUNPATH_SEARCH_PATHS = "$(inherited) @executable_path/../Frameworks @loader_path/../Frameworks";
				PRODUCT_BUNDLE_IDENTIFIER = cc.PPDesignModeUITests;
				PRODUCT_NAME = "$(TARGET_NAME)";
				TEST_TARGET_NAME = PPDesignMode;
				USES_XCTRUNNER = YES;
			};
			name = Debug;
		};
		E2DB3A9D1BFC18420014C757 /* Release */ = {
			isa = XCBuildConfiguration;
			buildSettings = {
				COMBINE_HIDPI_IMAGES = YES;
				INFOPLIST_FILE = PPDesignModeUITests/Info.plist;
				LD_RUNPATH_SEARCH_PATHS = "$(inherited) @executable_path/../Frameworks @loader_path/../Frameworks";
				PRODUCT_BUNDLE_IDENTIFIER = cc.PPDesignModeUITests;
				PRODUCT_NAME = "$(TARGET_NAME)";
				TEST_TARGET_NAME = PPDesignMode;
				USES_XCTRUNNER = YES;
			};
			name = Release;
		};
/* End XCBuildConfiguration section */

/* Begin XCConfigurationList section */
		E2DB3A691BFC18410014C757 /* Build configuration list for PBXProject "PPDesignMode" */ = {
			isa = XCConfigurationList;
			buildConfigurations = (
				E2DB3A931BFC18420014C757 /* Debug */,
				E2DB3A941BFC18420014C757 /* Release */,
			);
			defaultConfigurationIsVisible = 0;
			defaultConfigurationName = Release;
		};
		E2DB3A951BFC18420014C757 /* Build configuration list for PBXNativeTarget "PPDesignMode" */ = {
			isa = XCConfigurationList;
			buildConfigurations = (
				E2DB3A961BFC18420014C757 /* Debug */,
				E2DB3A971BFC18420014C757 /* Release */,
			);
			defaultConfigurationIsVisible = 0;
			defaultConfigurationName = Release;
		};
		E2DB3A981BFC18420014C757 /* Build configuration list for PBXNativeTarget "PPDesignModeTests" */ = {
			isa = XCConfigurationList;
			buildConfigurations = (
				E2DB3A991BFC18420014C757 /* Debug */,
				E2DB3A9A1BFC18420014C757 /* Release */,
			);
			defaultConfigurationIsVisible = 0;
			defaultConfigurationName = Release;
		};
		E2DB3A9B1BFC18420014C757 /* Build configuration list for PBXNativeTarget "PPDesignModeUITests" */ = {
			isa = XCConfigurationList;
			buildConfigurations = (
				E2DB3A9C1BFC18420014C757 /* Debug */,
				E2DB3A9D1BFC18420014C757 /* Release */,
			);
			defaultConfigurationIsVisible = 0;
			defaultConfigurationName = Release;
		};
/* End XCConfigurationList section */
	};
	rootObject = E2DB3A661BFC18410014C757 /* Project object */;
}
